// !$*UTF8*$!
{
	archiveVersion = 1;
	classes = {
	};
	objectVersion = 56;
	objects = {

/* Begin PBXBuildFile section */
		020509CD2B31DF1C00B1D0F3 /* MenuItemPreview.swift in Sources */ = {isa = PBXBuildFile; fileRef = 020509CC2B31DF1C00B1D0F3 /* MenuItemPreview.swift */; };
		020509D32B323D8E00B1D0F3 /* MenuItemPreviewViewModel.swift in Sources */ = {isa = PBXBuildFile; fileRef = 020509D22B323D8E00B1D0F3 /* MenuItemPreviewViewModel.swift */; };
		020509D62B3244DE00B1D0F3 /* TagLayout.swift in Sources */ = {isa = PBXBuildFile; fileRef = 020509D52B3244DE00B1D0F3 /* TagLayout.swift */; };
		020509D92B32593000B1D0F3 /* PriceFormatter.swift in Sources */ = {isa = PBXBuildFile; fileRef = 020509D82B32593000B1D0F3 /* PriceFormatter.swift */; };
		020509DC2B32E51D00B1D0F3 /* CoffeeAccessoryType.swift in Sources */ = {isa = PBXBuildFile; fileRef = 020509DB2B32E51D00B1D0F3 /* CoffeeAccessoryType.swift */; };
		020509E22B32E64400B1D0F3 /* CoffeeDto.swift in Sources */ = {isa = PBXBuildFile; fileRef = 020509E12B32E64400B1D0F3 /* CoffeeDto.swift */; };
		020543512B6DA71800C3E0CA /* CreateUserProfileView.swift in Sources */ = {isa = PBXBuildFile; fileRef = 020543502B6DA71800C3E0CA /* CreateUserProfileView.swift */; };
		020543542B6DA91000C3E0CA /* SafeAreaView.swift in Sources */ = {isa = PBXBuildFile; fileRef = 020543532B6DA91000C3E0CA /* SafeAreaView.swift */; };
		020543552B6DA91000C3E0CA /* SafeAreaView.swift in Sources */ = {isa = PBXBuildFile; fileRef = 020543532B6DA91000C3E0CA /* SafeAreaView.swift */; };
		020543592B6FB31600C3E0CA /* ChooseCafeView.swift in Sources */ = {isa = PBXBuildFile; fileRef = 020543582B6FB31600C3E0CA /* ChooseCafeView.swift */; };
		0205435A2B6FB31600C3E0CA /* ChooseCafeView.swift in Sources */ = {isa = PBXBuildFile; fileRef = 020543582B6FB31600C3E0CA /* ChooseCafeView.swift */; };
		0205435D2B6FB36C00C3E0CA /* ChooseCafeViewModel.swift in Sources */ = {isa = PBXBuildFile; fileRef = 0205435C2B6FB36C00C3E0CA /* ChooseCafeViewModel.swift */; };
		0205435E2B6FB36C00C3E0CA /* ChooseCafeViewModel.swift in Sources */ = {isa = PBXBuildFile; fileRef = 0205435C2B6FB36C00C3E0CA /* ChooseCafeViewModel.swift */; };
		020543602B6FBE3B00C3E0CA /* CreateUserProfileViewModel.swift in Sources */ = {isa = PBXBuildFile; fileRef = 0205435F2B6FBE3B00C3E0CA /* CreateUserProfileViewModel.swift */; };
		020543612B6FBE3B00C3E0CA /* CreateUserProfileViewModel.swift in Sources */ = {isa = PBXBuildFile; fileRef = 0205435F2B6FBE3B00C3E0CA /* CreateUserProfileViewModel.swift */; };
		020543912B717A7100C3E0CA /* CafeDetailsView.swift in Sources */ = {isa = PBXBuildFile; fileRef = 020543902B717A7100C3E0CA /* CafeDetailsView.swift */; };
		020543922B717A7100C3E0CA /* CafeDetailsView.swift in Sources */ = {isa = PBXBuildFile; fileRef = 020543902B717A7100C3E0CA /* CafeDetailsView.swift */; };
		020543942B73A82B00C3E0CA /* ButtonEnabledModifier.swift in Sources */ = {isa = PBXBuildFile; fileRef = 020543932B73A82B00C3E0CA /* ButtonEnabledModifier.swift */; };
		020543952B73A82B00C3E0CA /* ButtonEnabledModifier.swift in Sources */ = {isa = PBXBuildFile; fileRef = 020543932B73A82B00C3E0CA /* ButtonEnabledModifier.swift */; };
		0205439A2B73CD6F00C3E0CA /* CafeService.swift in Sources */ = {isa = PBXBuildFile; fileRef = 020543992B73CD6F00C3E0CA /* CafeService.swift */; };
		0205439B2B73CD6F00C3E0CA /* CafeService.swift in Sources */ = {isa = PBXBuildFile; fileRef = 020543992B73CD6F00C3E0CA /* CafeService.swift */; };
		0205439D2B73CE2800C3E0CA /* Base.swift in Sources */ = {isa = PBXBuildFile; fileRef = 0205439C2B73CE2800C3E0CA /* Base.swift */; };
		0205439E2B73CE2800C3E0CA /* Base.swift in Sources */ = {isa = PBXBuildFile; fileRef = 0205439C2B73CE2800C3E0CA /* Base.swift */; };
		020543A02B741E0F00C3E0CA /* ViewDidLoadModifier.swift in Sources */ = {isa = PBXBuildFile; fileRef = 0205439F2B741E0F00C3E0CA /* ViewDidLoadModifier.swift */; };
		020543A12B741E0F00C3E0CA /* ViewDidLoadModifier.swift in Sources */ = {isa = PBXBuildFile; fileRef = 0205439F2B741E0F00C3E0CA /* ViewDidLoadModifier.swift */; };
		0231F2A32B30C849003BBF55 /* CoffeeAppApp.swift in Sources */ = {isa = PBXBuildFile; fileRef = 0231F2A22B30C849003BBF55 /* CoffeeAppApp.swift */; };
		0231F2A52B30C849003BBF55 /* MainView.swift in Sources */ = {isa = PBXBuildFile; fileRef = 0231F2A42B30C849003BBF55 /* MainView.swift */; };
		0231F2A72B30C84B003BBF55 /* Assets.xcassets in Resources */ = {isa = PBXBuildFile; fileRef = 0231F2A62B30C84B003BBF55 /* Assets.xcassets */; };
		0231F2AA2B30C84B003BBF55 /* Preview Assets.xcassets in Resources */ = {isa = PBXBuildFile; fileRef = 0231F2A92B30C84B003BBF55 /* Preview Assets.xcassets */; };
		0232910C2B5EEE24004A2B26 /* CoffeeAccessory.swift in Sources */ = {isa = PBXBuildFile; fileRef = 0232910B2B5EEE24004A2B26 /* CoffeeAccessory.swift */; };
		023291112B5EF024004A2B26 /* OrderCoffeeButton.swift in Sources */ = {isa = PBXBuildFile; fileRef = 023291102B5EF024004A2B26 /* OrderCoffeeButton.swift */; };
		023291132B5EF0CB004A2B26 /* CoffeeAccessoriesList.swift in Sources */ = {isa = PBXBuildFile; fileRef = 023291122B5EF0CB004A2B26 /* CoffeeAccessoriesList.swift */; };
		023291152B5EF182004A2B26 /* CoffeeAccessoryButton.swift in Sources */ = {isa = PBXBuildFile; fileRef = 023291142B5EF182004A2B26 /* CoffeeAccessoryButton.swift */; };
		023291172B5EF1E2004A2B26 /* AddProductPlusButton.swift in Sources */ = {isa = PBXBuildFile; fileRef = 023291162B5EF1E2004A2B26 /* AddProductPlusButton.swift */; };
		023291192B5EF45B004A2B26 /* SelectedCoffeeAccessoryButton.swift in Sources */ = {isa = PBXBuildFile; fileRef = 023291182B5EF45B004A2B26 /* SelectedCoffeeAccessoryButton.swift */; };
		0232911B2B5F0CB9004A2B26 /* Menu.swift in Sources */ = {isa = PBXBuildFile; fileRef = 0232911A2B5F0CB9004A2B26 /* Menu.swift */; };
		0232911E2B5F13D1004A2B26 /* HapticManager.swift in Sources */ = {isa = PBXBuildFile; fileRef = 0232911D2B5F13D1004A2B26 /* HapticManager.swift */; };
		0233E2952B5C1CE200595272 /* QRCodeImageView.swift in Sources */ = {isa = PBXBuildFile; fileRef = 0233E2942B5C1CE200595272 /* QRCodeImageView.swift */; };
		024430C52B3996800024D729 /* CoffeeAccessoryProtocol.swift in Sources */ = {isa = PBXBuildFile; fileRef = 024430C42B3996800024D729 /* CoffeeAccessoryProtocol.swift */; };
		027468272B30CC1100664A7F /* SplashView.swift in Sources */ = {isa = PBXBuildFile; fileRef = 027468262B30CC1100664A7F /* SplashView.swift */; };
		027468292B30CC2F00664A7F /* SplashViewModel.swift in Sources */ = {isa = PBXBuildFile; fileRef = 027468282B30CC2F00664A7F /* SplashViewModel.swift */; };
		0274682D2B30CC4500664A7F /* BaseViewModel.swift in Sources */ = {isa = PBXBuildFile; fileRef = 0274682C2B30CC4500664A7F /* BaseViewModel.swift */; };
		027468302B30CD7100664A7F /* Route.swift in Sources */ = {isa = PBXBuildFile; fileRef = 0274682F2B30CD7100664A7F /* Route.swift */; };
		027468352B30CEBF00664A7F /* MainViewModel.swift in Sources */ = {isa = PBXBuildFile; fileRef = 027468342B30CEBF00664A7F /* MainViewModel.swift */; };
		0274683A2B30CF1800664A7F /* ProfileViewModel.swift in Sources */ = {isa = PBXBuildFile; fileRef = 027468392B30CF1800664A7F /* ProfileViewModel.swift */; };
		0274683C2B30CF2B00664A7F /* SettingsView.swift in Sources */ = {isa = PBXBuildFile; fileRef = 0274683B2B30CF2B00664A7F /* SettingsView.swift */; };
		027468412B30CF6700664A7F /* HomeView.swift in Sources */ = {isa = PBXBuildFile; fileRef = 027468402B30CF6700664A7F /* HomeView.swift */; };
		027468432B30CF7400664A7F /* HomeViewModel.swift in Sources */ = {isa = PBXBuildFile; fileRef = 027468422B30CF7400664A7F /* HomeViewModel.swift */; };
		027468472B30D30500664A7F /* VoucherCell.swift in Sources */ = {isa = PBXBuildFile; fileRef = 027468462B30D30500664A7F /* VoucherCell.swift */; };
		0274684A2B30D87900664A7F /* DateFormatter.swift in Sources */ = {isa = PBXBuildFile; fileRef = 027468492B30D87900664A7F /* DateFormatter.swift */; };
		0274684D2B30E10B00664A7F /* VisualEffectView.swift in Sources */ = {isa = PBXBuildFile; fileRef = 0274684C2B30E10B00664A7F /* VisualEffectView.swift */; };
		027468532B30E49E00664A7F /* QRCodeView.swift in Sources */ = {isa = PBXBuildFile; fileRef = 027468522B30E49E00664A7F /* QRCodeView.swift */; };
		0274685C2B30EFAD00664A7F /* UIDevice+Extension.swift in Sources */ = {isa = PBXBuildFile; fileRef = 0274685B2B30EFAD00664A7F /* UIDevice+Extension.swift */; };
		027468602B30FA0A00664A7F /* TrackableScrollView.swift in Sources */ = {isa = PBXBuildFile; fileRef = 0274685F2B30FA0A00664A7F /* TrackableScrollView.swift */; };
		027468632B31032B00664A7F /* QRCodeGenerator.swift in Sources */ = {isa = PBXBuildFile; fileRef = 027468622B31032B00664A7F /* QRCodeGenerator.swift */; };
		027468652B31094E00664A7F /* MenuList.swift in Sources */ = {isa = PBXBuildFile; fileRef = 027468642B31094E00664A7F /* MenuList.swift */; };
		0274686A2B319AD700664A7F /* LoginView.swift in Sources */ = {isa = PBXBuildFile; fileRef = 027468692B319AD700664A7F /* LoginView.swift */; };
		0274686C2B319ADE00664A7F /* LoginViewModel.swift in Sources */ = {isa = PBXBuildFile; fileRef = 0274686B2B319ADE00664A7F /* LoginViewModel.swift */; };
		02B610B42B5FE15100844CC3 /* CoverFlowView.swift in Sources */ = {isa = PBXBuildFile; fileRef = 02B610B32B5FE15100844CC3 /* CoverFlowView.swift */; };
		02B610B72B5FE94A00844CC3 /* CoffeeCell.swift in Sources */ = {isa = PBXBuildFile; fileRef = 02B610B62B5FE94A00844CC3 /* CoffeeCell.swift */; };
		02B610BA2B5FEDA200844CC3 /* CustomPagingIndicator.swift in Sources */ = {isa = PBXBuildFile; fileRef = 02B610B92B5FEDA200844CC3 /* CustomPagingIndicator.swift */; };
		02B610BF2B600F9200844CC3 /* OnboardingViewModel.swift in Sources */ = {isa = PBXBuildFile; fileRef = 02B610BE2B600F9200844CC3 /* OnboardingViewModel.swift */; };
		02B610C12B600FB000844CC3 /* OnboardingView.swift in Sources */ = {isa = PBXBuildFile; fileRef = 02B610C02B600FB000844CC3 /* OnboardingView.swift */; };
		02B610C42B600FC600844CC3 /* OnboardingPageView.swift in Sources */ = {isa = PBXBuildFile; fileRef = 02B610C32B600FC600844CC3 /* OnboardingPageView.swift */; };
		02D592572B6ABACC0089A9B9 /* OffsetModifier.swift in Sources */ = {isa = PBXBuildFile; fileRef = 02D592562B6ABACC0089A9B9 /* OffsetModifier.swift */; };
		02D9BAAC2B62A1E8009FF2FC /* CoffeeAppAdminApp.swift in Sources */ = {isa = PBXBuildFile; fileRef = 02D9BAAB2B62A1E8009FF2FC /* CoffeeAppAdminApp.swift */; };
		02D9BAAE2B62A1E8009FF2FC /* ContentView.swift in Sources */ = {isa = PBXBuildFile; fileRef = 02D9BAAD2B62A1E8009FF2FC /* ContentView.swift */; };
		02D9BAB02B62A1E9009FF2FC /* Assets.xcassets in Resources */ = {isa = PBXBuildFile; fileRef = 02D9BAAF2B62A1E9009FF2FC /* Assets.xcassets */; };
		02D9BAB32B62A1E9009FF2FC /* Preview Assets.xcassets in Resources */ = {isa = PBXBuildFile; fileRef = 02D9BAB22B62A1E9009FF2FC /* Preview Assets.xcassets */; };
		02D9BAB72B62A22F009FF2FC /* HapticManager.swift in Sources */ = {isa = PBXBuildFile; fileRef = 0232911D2B5F13D1004A2B26 /* HapticManager.swift */; };
		02D9BAB82B62A235009FF2FC /* CoffeeAccessoryProtocol.swift in Sources */ = {isa = PBXBuildFile; fileRef = 024430C42B3996800024D729 /* CoffeeAccessoryProtocol.swift */; };
		02D9BAB92B62A239009FF2FC /* CoffeeAccessoryType.swift in Sources */ = {isa = PBXBuildFile; fileRef = 020509DB2B32E51D00B1D0F3 /* CoffeeAccessoryType.swift */; };
		02D9BABA2B62A23F009FF2FC /* PriceFormatter.swift in Sources */ = {isa = PBXBuildFile; fileRef = 020509D82B32593000B1D0F3 /* PriceFormatter.swift */; };
		02D9BABB2B62A244009FF2FC /* TagLayout.swift in Sources */ = {isa = PBXBuildFile; fileRef = 020509D52B3244DE00B1D0F3 /* TagLayout.swift */; };
		02D9BABC2B62A248009FF2FC /* QRCodeGenerator.swift in Sources */ = {isa = PBXBuildFile; fileRef = 027468622B31032B00664A7F /* QRCodeGenerator.swift */; };
		02D9BABD2B62A24D009FF2FC /* CustomPagingIndicator.swift in Sources */ = {isa = PBXBuildFile; fileRef = 02B610B92B5FEDA200844CC3 /* CustomPagingIndicator.swift */; };
		02D9BABE2B62A255009FF2FC /* CoverFlowView.swift in Sources */ = {isa = PBXBuildFile; fileRef = 02B610B32B5FE15100844CC3 /* CoverFlowView.swift */; };
		02D9BABF2B62A259009FF2FC /* QRCodeImageView.swift in Sources */ = {isa = PBXBuildFile; fileRef = 0233E2942B5C1CE200595272 /* QRCodeImageView.swift */; };
		02D9BAC02B62A25C009FF2FC /* TrackableScrollView.swift in Sources */ = {isa = PBXBuildFile; fileRef = 0274685F2B30FA0A00664A7F /* TrackableScrollView.swift */; };
		02D9BAC12B62A260009FF2FC /* VisualEffectView.swift in Sources */ = {isa = PBXBuildFile; fileRef = 0274684C2B30E10B00664A7F /* VisualEffectView.swift */; };
		02D9BAC22B62A266009FF2FC /* UIDevice+Extension.swift in Sources */ = {isa = PBXBuildFile; fileRef = 0274685B2B30EFAD00664A7F /* UIDevice+Extension.swift */; };
		02D9BAC32B62A26B009FF2FC /* DateFormatter.swift in Sources */ = {isa = PBXBuildFile; fileRef = 027468492B30D87900664A7F /* DateFormatter.swift */; };
		02D9BAC42B62A26F009FF2FC /* BaseViewModel.swift in Sources */ = {isa = PBXBuildFile; fileRef = 0274682C2B30CC4500664A7F /* BaseViewModel.swift */; };
		02D9BAC52B62A276009FF2FC /* OnboardingViewModel.swift in Sources */ = {isa = PBXBuildFile; fileRef = 02B610BE2B600F9200844CC3 /* OnboardingViewModel.swift */; };
		02D9BAC62B62A27B009FF2FC /* OnboardingPageView.swift in Sources */ = {isa = PBXBuildFile; fileRef = 02B610C32B600FC600844CC3 /* OnboardingPageView.swift */; };
		02D9BAC72B62A27D009FF2FC /* OnboardingView.swift in Sources */ = {isa = PBXBuildFile; fileRef = 02B610C02B600FB000844CC3 /* OnboardingView.swift */; };
		02D9BAC82B62A28A009FF2FC /* CoffeeCell.swift in Sources */ = {isa = PBXBuildFile; fileRef = 02B610B62B5FE94A00844CC3 /* CoffeeCell.swift */; };
		02D9BAC92B62A28D009FF2FC /* MenuList.swift in Sources */ = {isa = PBXBuildFile; fileRef = 027468642B31094E00664A7F /* MenuList.swift */; };
		02D9BACA2B62A296009FF2FC /* MenuItemPreviewViewModel.swift in Sources */ = {isa = PBXBuildFile; fileRef = 020509D22B323D8E00B1D0F3 /* MenuItemPreviewViewModel.swift */; };
		02D9BACB2B62A29A009FF2FC /* OrderCoffeeButton.swift in Sources */ = {isa = PBXBuildFile; fileRef = 023291102B5EF024004A2B26 /* OrderCoffeeButton.swift */; };
		02D9BACC2B62A29D009FF2FC /* CoffeeAccessoriesList.swift in Sources */ = {isa = PBXBuildFile; fileRef = 023291122B5EF0CB004A2B26 /* CoffeeAccessoriesList.swift */; };
		02D9BACD2B62A2A0009FF2FC /* CoffeeAccessoryButton.swift in Sources */ = {isa = PBXBuildFile; fileRef = 023291142B5EF182004A2B26 /* CoffeeAccessoryButton.swift */; };
		02D9BACE2B62A2A4009FF2FC /* AddProductPlusButton.swift in Sources */ = {isa = PBXBuildFile; fileRef = 023291162B5EF1E2004A2B26 /* AddProductPlusButton.swift */; };
		02D9BACF2B62A2A6009FF2FC /* SelectedCoffeeAccessoryButton.swift in Sources */ = {isa = PBXBuildFile; fileRef = 023291182B5EF45B004A2B26 /* SelectedCoffeeAccessoryButton.swift */; };
		02D9BAD02B62A2A9009FF2FC /* MenuItemPreview.swift in Sources */ = {isa = PBXBuildFile; fileRef = 020509CC2B31DF1C00B1D0F3 /* MenuItemPreview.swift */; };
		02D9BAD12B62A2B4009FF2FC /* LoginView.swift in Sources */ = {isa = PBXBuildFile; fileRef = 027468692B319AD700664A7F /* LoginView.swift */; };
		02D9BAD22B62A2B7009FF2FC /* LoginViewModel.swift in Sources */ = {isa = PBXBuildFile; fileRef = 0274686B2B319ADE00664A7F /* LoginViewModel.swift */; };
		02D9BAD32B62A2BD009FF2FC /* QRCodeView.swift in Sources */ = {isa = PBXBuildFile; fileRef = 027468522B30E49E00664A7F /* QRCodeView.swift */; };
		02D9BAD42B62A2C1009FF2FC /* HomeViewModel.swift in Sources */ = {isa = PBXBuildFile; fileRef = 027468422B30CF7400664A7F /* HomeViewModel.swift */; };
		02D9BAD52B62A2C5009FF2FC /* VoucherCell.swift in Sources */ = {isa = PBXBuildFile; fileRef = 027468462B30D30500664A7F /* VoucherCell.swift */; };
		02D9BAD62B62A2C8009FF2FC /* HomeView.swift in Sources */ = {isa = PBXBuildFile; fileRef = 027468402B30CF6700664A7F /* HomeView.swift */; };
		02D9BAD72B62A2CC009FF2FC /* SettingsView.swift in Sources */ = {isa = PBXBuildFile; fileRef = 0274683B2B30CF2B00664A7F /* SettingsView.swift */; };
		02D9BAD82B62A2CF009FF2FC /* ProfileViewModel.swift in Sources */ = {isa = PBXBuildFile; fileRef = 027468392B30CF1800664A7F /* ProfileViewModel.swift */; };
		02D9BAD92B62A2D5009FF2FC /* MainViewModel.swift in Sources */ = {isa = PBXBuildFile; fileRef = 027468342B30CEBF00664A7F /* MainViewModel.swift */; };
		02D9BADA2B62A2D8009FF2FC /* MainView.swift in Sources */ = {isa = PBXBuildFile; fileRef = 0231F2A42B30C849003BBF55 /* MainView.swift */; };
		02D9BADB2B62A2E0009FF2FC /* SplashViewModel.swift in Sources */ = {isa = PBXBuildFile; fileRef = 027468282B30CC2F00664A7F /* SplashViewModel.swift */; };
		02D9BADC2B62A2E5009FF2FC /* SplashView.swift in Sources */ = {isa = PBXBuildFile; fileRef = 027468262B30CC1100664A7F /* SplashView.swift */; };
		02D9BADD2B62A2F6009FF2FC /* Route.swift in Sources */ = {isa = PBXBuildFile; fileRef = 0274682F2B30CD7100664A7F /* Route.swift */; };
		02D9BADE2B62A2FD009FF2FC /* CoffeeDto.swift in Sources */ = {isa = PBXBuildFile; fileRef = 020509E12B32E64400B1D0F3 /* CoffeeDto.swift */; };
		02D9BADF2B62A300009FF2FC /* CoffeeAccessory.swift in Sources */ = {isa = PBXBuildFile; fileRef = 0232910B2B5EEE24004A2B26 /* CoffeeAccessory.swift */; };
		02D9BAE02B62A302009FF2FC /* Menu.swift in Sources */ = {isa = PBXBuildFile; fileRef = 0232911A2B5F0CB9004A2B26 /* Menu.swift */; };
		02D9BAE72B62A8D2009FF2FC /* FirebaseAnalytics in Frameworks */ = {isa = PBXBuildFile; productRef = 02D9BAE62B62A8D2009FF2FC /* FirebaseAnalytics */; };
		02D9BAE92B62A8D2009FF2FC /* FirebaseAnalyticsOnDeviceConversion in Frameworks */ = {isa = PBXBuildFile; productRef = 02D9BAE82B62A8D2009FF2FC /* FirebaseAnalyticsOnDeviceConversion */; };
		02D9BAEB2B62A8D2009FF2FC /* FirebaseAnalyticsSwift in Frameworks */ = {isa = PBXBuildFile; productRef = 02D9BAEA2B62A8D2009FF2FC /* FirebaseAnalyticsSwift */; };
		02D9BAED2B62A8D2009FF2FC /* FirebaseAnalyticsWithoutAdIdSupport in Frameworks */ = {isa = PBXBuildFile; productRef = 02D9BAEC2B62A8D2009FF2FC /* FirebaseAnalyticsWithoutAdIdSupport */; };
		02D9BAEF2B62A8D2009FF2FC /* FirebaseAppCheck in Frameworks */ = {isa = PBXBuildFile; productRef = 02D9BAEE2B62A8D2009FF2FC /* FirebaseAppCheck */; };
		02D9BAF22B62AD71009FF2FC /* LoginWithGoogleButton.swift in Sources */ = {isa = PBXBuildFile; fileRef = 02D9BAF12B62AD71009FF2FC /* LoginWithGoogleButton.swift */; };
		02D9BAF32B62AD71009FF2FC /* LoginWithGoogleButton.swift in Sources */ = {isa = PBXBuildFile; fileRef = 02D9BAF12B62AD71009FF2FC /* LoginWithGoogleButton.swift */; };
		02D9BAF62B62AD85009FF2FC /* Typealiases.swift in Sources */ = {isa = PBXBuildFile; fileRef = 02D9BAF52B62AD85009FF2FC /* Typealiases.swift */; };
		02D9BAF72B62AD85009FF2FC /* Typealiases.swift in Sources */ = {isa = PBXBuildFile; fileRef = 02D9BAF52B62AD85009FF2FC /* Typealiases.swift */; };
		02D9BAFA2B62AE20009FF2FC /* LoginWithEmailButton.swift in Sources */ = {isa = PBXBuildFile; fileRef = 02D9BAF92B62AE20009FF2FC /* LoginWithEmailButton.swift */; };
		02D9BAFB2B62AE20009FF2FC /* LoginWithEmailButton.swift in Sources */ = {isa = PBXBuildFile; fileRef = 02D9BAF92B62AE20009FF2FC /* LoginWithEmailButton.swift */; };
		02D9BB012B62B64E009FF2FC /* TabPage.swift in Sources */ = {isa = PBXBuildFile; fileRef = 02D9BB002B62B64E009FF2FC /* TabPage.swift */; };
		02D9BB022B62B64E009FF2FC /* TabPage.swift in Sources */ = {isa = PBXBuildFile; fileRef = 02D9BB002B62B64E009FF2FC /* TabPage.swift */; };
		02D9BB052B62D156009FF2FC /* ApplicationUtility.swift in Sources */ = {isa = PBXBuildFile; fileRef = 02D9BB042B62D156009FF2FC /* ApplicationUtility.swift */; };
		02D9BB062B62D156009FF2FC /* ApplicationUtility.swift in Sources */ = {isa = PBXBuildFile; fileRef = 02D9BB042B62D156009FF2FC /* ApplicationUtility.swift */; };
		02D9BB092B62D17E009FF2FC /* CAError.swift in Sources */ = {isa = PBXBuildFile; fileRef = 02D9BB082B62D17E009FF2FC /* CAError.swift */; };
		02D9BB0A2B62D17E009FF2FC /* CAError.swift in Sources */ = {isa = PBXBuildFile; fileRef = 02D9BB082B62D17E009FF2FC /* CAError.swift */; };
		02D9BB0E2B62D259009FF2FC /* GoogleService-Info.plist in Resources */ = {isa = PBXBuildFile; fileRef = 02D9BB0D2B62D259009FF2FC /* GoogleService-Info.plist */; };
		02D9BB0F2B62D259009FF2FC /* GoogleService-Info.plist in Resources */ = {isa = PBXBuildFile; fileRef = 02D9BB0D2B62D259009FF2FC /* GoogleService-Info.plist */; };
		02D9BB132B62D2A1009FF2FC /* SessionService.swift in Sources */ = {isa = PBXBuildFile; fileRef = 02D9BB122B62D2A1009FF2FC /* SessionService.swift */; };
		02D9BB172B62D302009FF2FC /* GoogleSignIn in Frameworks */ = {isa = PBXBuildFile; productRef = 02D9BB162B62D302009FF2FC /* GoogleSignIn */; };
		02D9BB192B62D302009FF2FC /* GoogleSignInSwift in Frameworks */ = {isa = PBXBuildFile; productRef = 02D9BB182B62D302009FF2FC /* GoogleSignInSwift */; };
		02D9BB1B2B62D49A009FF2FC /* FirebaseAuth in Frameworks */ = {isa = PBXBuildFile; productRef = 02D9BB1A2B62D49A009FF2FC /* FirebaseAuth */; };
		02D9BB1D2B62D49A009FF2FC /* FirebaseFirestoreSwift in Frameworks */ = {isa = PBXBuildFile; productRef = 02D9BB1C2B62D49A009FF2FC /* FirebaseFirestoreSwift */; };
		02D9BB1F2B62D49A009FF2FC /* FirebaseStorage in Frameworks */ = {isa = PBXBuildFile; productRef = 02D9BB1E2B62D49A009FF2FC /* FirebaseStorage */; };
		02E54F422B74DD6000F49C5B /* StampView.swift in Sources */ = {isa = PBXBuildFile; fileRef = 02E54F412B74DD6000F49C5B /* StampView.swift */; };
		02E54F432B74DD6000F49C5B /* StampView.swift in Sources */ = {isa = PBXBuildFile; fileRef = 02E54F412B74DD6000F49C5B /* StampView.swift */; };
		02E54F462B751B5E00F49C5B /* StringManager.swift in Sources */ = {isa = PBXBuildFile; fileRef = 02E54F452B751B5E00F49C5B /* StringManager.swift */; };
		02E54F472B751B5E00F49C5B /* StringManager.swift in Sources */ = {isa = PBXBuildFile; fileRef = 02E54F452B751B5E00F49C5B /* StringManager.swift */; };
		02E54F492B751B7600F49C5B /* PluralizedString.swift in Sources */ = {isa = PBXBuildFile; fileRef = 02E54F482B751B7600F49C5B /* PluralizedString.swift */; };
		02E54F4A2B751B7600F49C5B /* PluralizedString.swift in Sources */ = {isa = PBXBuildFile; fileRef = 02E54F482B751B7600F49C5B /* PluralizedString.swift */; };
		02E54F4C2B752B7F00F49C5B /* StampDto.swift in Sources */ = {isa = PBXBuildFile; fileRef = 02E54F4B2B752B7F00F49C5B /* StampDto.swift */; };
		02E54F4D2B752B7F00F49C5B /* StampDto.swift in Sources */ = {isa = PBXBuildFile; fileRef = 02E54F4B2B752B7F00F49C5B /* StampDto.swift */; };
		02E54F502B753E4D00F49C5B /* VoucherView.swift in Sources */ = {isa = PBXBuildFile; fileRef = 02E54F4F2B753E4D00F49C5B /* VoucherView.swift */; };
		02E54F512B753E4D00F49C5B /* VoucherView.swift in Sources */ = {isa = PBXBuildFile; fileRef = 02E54F4F2B753E4D00F49C5B /* VoucherView.swift */; };
		02E54F532B753EA800F49C5B /* StampleCell.swift in Sources */ = {isa = PBXBuildFile; fileRef = 02E54F522B753EA800F49C5B /* StampleCell.swift */; };
		02E54F542B753EA800F49C5B /* StampleCell.swift in Sources */ = {isa = PBXBuildFile; fileRef = 02E54F522B753EA800F49C5B /* StampleCell.swift */; };
		02E54F572B753F2D00F49C5B /* Constants.swift in Sources */ = {isa = PBXBuildFile; fileRef = 02E54F562B753F2D00F49C5B /* Constants.swift */; };
		02E54F582B753F2D00F49C5B /* Constants.swift in Sources */ = {isa = PBXBuildFile; fileRef = 02E54F562B753F2D00F49C5B /* Constants.swift */; };
		02E54F5A2B7A278500F49C5B /* AuthProtocol.swift in Sources */ = {isa = PBXBuildFile; fileRef = 02E54F592B7A278500F49C5B /* AuthProtocol.swift */; };
		02E54F5B2B7A278500F49C5B /* AuthProtocol.swift in Sources */ = {isa = PBXBuildFile; fileRef = 02E54F592B7A278500F49C5B /* AuthProtocol.swift */; };
		02ECB46B2B6C126A00F71974 /* KeyWindow.swift in Sources */ = {isa = PBXBuildFile; fileRef = 02ECB46A2B6C126A00F71974 /* KeyWindow.swift */; };
		02ECB46D2B6C1FC600F71974 /* DeviceRotationModifier.swift in Sources */ = {isa = PBXBuildFile; fileRef = 02ECB46C2B6C1FC600F71974 /* DeviceRotationModifier.swift */; };
		02ECB46E2B6C1FC600F71974 /* DeviceRotationModifier.swift in Sources */ = {isa = PBXBuildFile; fileRef = 02ECB46C2B6C1FC600F71974 /* DeviceRotationModifier.swift */; };
		02ECB4742B6D0B2300F71974 /* UserService.swift in Sources */ = {isa = PBXBuildFile; fileRef = 02ECB4732B6D0B2300F71974 /* UserService.swift */; };
		02ECB4782B6D0B4A00F71974 /* FirestoreUtility.swift in Sources */ = {isa = PBXBuildFile; fileRef = 02ECB4772B6D0B4A00F71974 /* FirestoreUtility.swift */; };
		02ECB47B2B6D0D6C00F71974 /* UserDto.swift in Sources */ = {isa = PBXBuildFile; fileRef = 02ECB47A2B6D0D6C00F71974 /* UserDto.swift */; };
		02ECB47C2B6D0D6C00F71974 /* UserDto.swift in Sources */ = {isa = PBXBuildFile; fileRef = 02ECB47A2B6D0D6C00F71974 /* UserDto.swift */; };
		02ECB47E2B6D0E3700F71974 /* CafeDto.swift in Sources */ = {isa = PBXBuildFile; fileRef = 02ECB47D2B6D0E3600F71974 /* CafeDto.swift */; };
		02ECB47F2B6D0E3700F71974 /* CafeDto.swift in Sources */ = {isa = PBXBuildFile; fileRef = 02ECB47D2B6D0E3600F71974 /* CafeDto.swift */; };
		02ECB4812B6D0F4600F71974 /* CLLocation+Ext.swift in Sources */ = {isa = PBXBuildFile; fileRef = 02ECB4802B6D0F4600F71974 /* CLLocation+Ext.swift */; };
		02ECB4822B6D0F4600F71974 /* CLLocation+Ext.swift in Sources */ = {isa = PBXBuildFile; fileRef = 02ECB4802B6D0F4600F71974 /* CLLocation+Ext.swift */; };
		02F095402B67CDD2002E5B6A /* ChangeAppearanceButton.swift in Sources */ = {isa = PBXBuildFile; fileRef = 02F0953F2B67CDD2002E5B6A /* ChangeAppearanceButton.swift */; };
		02F095412B67CDD2002E5B6A /* ChangeAppearanceButton.swift in Sources */ = {isa = PBXBuildFile; fileRef = 02F0953F2B67CDD2002E5B6A /* ChangeAppearanceButton.swift */; };
		02F095442B67DCF4002E5B6A /* AppStorageKeys.swift in Sources */ = {isa = PBXBuildFile; fileRef = 02F095432B67DCF4002E5B6A /* AppStorageKeys.swift */; };
		02F095452B67DCF4002E5B6A /* AppStorageKeys.swift in Sources */ = {isa = PBXBuildFile; fileRef = 02F095432B67DCF4002E5B6A /* AppStorageKeys.swift */; };
/* End PBXBuildFile section */

/* Begin PBXFileReference section */
		020509CC2B31DF1C00B1D0F3 /* MenuItemPreview.swift */ = {isa = PBXFileReference; lastKnownFileType = sourcecode.swift; path = MenuItemPreview.swift; sourceTree = "<group>"; };
		020509D22B323D8E00B1D0F3 /* MenuItemPreviewViewModel.swift */ = {isa = PBXFileReference; lastKnownFileType = sourcecode.swift; path = MenuItemPreviewViewModel.swift; sourceTree = "<group>"; };
		020509D52B3244DE00B1D0F3 /* TagLayout.swift */ = {isa = PBXFileReference; lastKnownFileType = sourcecode.swift; path = TagLayout.swift; sourceTree = "<group>"; };
		020509D82B32593000B1D0F3 /* PriceFormatter.swift */ = {isa = PBXFileReference; lastKnownFileType = sourcecode.swift; path = PriceFormatter.swift; sourceTree = "<group>"; };
		020509DB2B32E51D00B1D0F3 /* CoffeeAccessoryType.swift */ = {isa = PBXFileReference; lastKnownFileType = sourcecode.swift; path = CoffeeAccessoryType.swift; sourceTree = "<group>"; };
		020509E12B32E64400B1D0F3 /* CoffeeDto.swift */ = {isa = PBXFileReference; lastKnownFileType = sourcecode.swift; path = CoffeeDto.swift; sourceTree = "<group>"; };
		020543502B6DA71800C3E0CA /* CreateUserProfileView.swift */ = {isa = PBXFileReference; lastKnownFileType = sourcecode.swift; path = CreateUserProfileView.swift; sourceTree = "<group>"; };
		020543532B6DA91000C3E0CA /* SafeAreaView.swift */ = {isa = PBXFileReference; lastKnownFileType = sourcecode.swift; path = SafeAreaView.swift; sourceTree = "<group>"; };
		020543582B6FB31600C3E0CA /* ChooseCafeView.swift */ = {isa = PBXFileReference; lastKnownFileType = sourcecode.swift; path = ChooseCafeView.swift; sourceTree = "<group>"; };
		0205435C2B6FB36C00C3E0CA /* ChooseCafeViewModel.swift */ = {isa = PBXFileReference; lastKnownFileType = sourcecode.swift; path = ChooseCafeViewModel.swift; sourceTree = "<group>"; };
		0205435F2B6FBE3B00C3E0CA /* CreateUserProfileViewModel.swift */ = {isa = PBXFileReference; lastKnownFileType = sourcecode.swift; path = CreateUserProfileViewModel.swift; sourceTree = "<group>"; };
		020543902B717A7100C3E0CA /* CafeDetailsView.swift */ = {isa = PBXFileReference; lastKnownFileType = sourcecode.swift; path = CafeDetailsView.swift; sourceTree = "<group>"; };
		020543932B73A82B00C3E0CA /* ButtonEnabledModifier.swift */ = {isa = PBXFileReference; lastKnownFileType = sourcecode.swift; path = ButtonEnabledModifier.swift; sourceTree = "<group>"; };
		020543992B73CD6F00C3E0CA /* CafeService.swift */ = {isa = PBXFileReference; lastKnownFileType = sourcecode.swift; path = CafeService.swift; sourceTree = "<group>"; };
		0205439C2B73CE2800C3E0CA /* Base.swift */ = {isa = PBXFileReference; lastKnownFileType = sourcecode.swift; path = Base.swift; sourceTree = "<group>"; };
		0205439F2B741E0F00C3E0CA /* ViewDidLoadModifier.swift */ = {isa = PBXFileReference; lastKnownFileType = sourcecode.swift; path = ViewDidLoadModifier.swift; sourceTree = "<group>"; };
		0231F29F2B30C849003BBF55 /* CoffeeApp.app */ = {isa = PBXFileReference; explicitFileType = wrapper.application; includeInIndex = 0; path = CoffeeApp.app; sourceTree = BUILT_PRODUCTS_DIR; };
		0231F2A22B30C849003BBF55 /* CoffeeAppApp.swift */ = {isa = PBXFileReference; lastKnownFileType = sourcecode.swift; path = CoffeeAppApp.swift; sourceTree = "<group>"; };
		0231F2A42B30C849003BBF55 /* MainView.swift */ = {isa = PBXFileReference; lastKnownFileType = sourcecode.swift; path = MainView.swift; sourceTree = "<group>"; };
		0231F2A62B30C84B003BBF55 /* Assets.xcassets */ = {isa = PBXFileReference; lastKnownFileType = folder.assetcatalog; path = Assets.xcassets; sourceTree = "<group>"; };
		0231F2A92B30C84B003BBF55 /* Preview Assets.xcassets */ = {isa = PBXFileReference; lastKnownFileType = folder.assetcatalog; path = "Preview Assets.xcassets"; sourceTree = "<group>"; };
		0232910B2B5EEE24004A2B26 /* CoffeeAccessory.swift */ = {isa = PBXFileReference; lastKnownFileType = sourcecode.swift; path = CoffeeAccessory.swift; sourceTree = "<group>"; };
		023291102B5EF024004A2B26 /* OrderCoffeeButton.swift */ = {isa = PBXFileReference; lastKnownFileType = sourcecode.swift; path = OrderCoffeeButton.swift; sourceTree = "<group>"; };
		023291122B5EF0CB004A2B26 /* CoffeeAccessoriesList.swift */ = {isa = PBXFileReference; lastKnownFileType = sourcecode.swift; path = CoffeeAccessoriesList.swift; sourceTree = "<group>"; };
		023291142B5EF182004A2B26 /* CoffeeAccessoryButton.swift */ = {isa = PBXFileReference; lastKnownFileType = sourcecode.swift; path = CoffeeAccessoryButton.swift; sourceTree = "<group>"; };
		023291162B5EF1E2004A2B26 /* AddProductPlusButton.swift */ = {isa = PBXFileReference; lastKnownFileType = sourcecode.swift; path = AddProductPlusButton.swift; sourceTree = "<group>"; };
		023291182B5EF45B004A2B26 /* SelectedCoffeeAccessoryButton.swift */ = {isa = PBXFileReference; lastKnownFileType = sourcecode.swift; path = SelectedCoffeeAccessoryButton.swift; sourceTree = "<group>"; };
		0232911A2B5F0CB9004A2B26 /* Menu.swift */ = {isa = PBXFileReference; lastKnownFileType = sourcecode.swift; path = Menu.swift; sourceTree = "<group>"; };
		0232911D2B5F13D1004A2B26 /* HapticManager.swift */ = {isa = PBXFileReference; lastKnownFileType = sourcecode.swift; path = HapticManager.swift; sourceTree = "<group>"; };
		0233E2942B5C1CE200595272 /* QRCodeImageView.swift */ = {isa = PBXFileReference; lastKnownFileType = sourcecode.swift; path = QRCodeImageView.swift; sourceTree = "<group>"; };
		024430C42B3996800024D729 /* CoffeeAccessoryProtocol.swift */ = {isa = PBXFileReference; lastKnownFileType = sourcecode.swift; path = CoffeeAccessoryProtocol.swift; sourceTree = "<group>"; };
		027468262B30CC1100664A7F /* SplashView.swift */ = {isa = PBXFileReference; lastKnownFileType = sourcecode.swift; path = SplashView.swift; sourceTree = "<group>"; };
		027468282B30CC2F00664A7F /* SplashViewModel.swift */ = {isa = PBXFileReference; lastKnownFileType = sourcecode.swift; path = SplashViewModel.swift; sourceTree = "<group>"; };
		0274682C2B30CC4500664A7F /* BaseViewModel.swift */ = {isa = PBXFileReference; lastKnownFileType = sourcecode.swift; path = BaseViewModel.swift; sourceTree = "<group>"; };
		0274682F2B30CD7100664A7F /* Route.swift */ = {isa = PBXFileReference; lastKnownFileType = sourcecode.swift; path = Route.swift; sourceTree = "<group>"; };
		027468342B30CEBF00664A7F /* MainViewModel.swift */ = {isa = PBXFileReference; lastKnownFileType = sourcecode.swift; path = MainViewModel.swift; sourceTree = "<group>"; };
		027468392B30CF1800664A7F /* ProfileViewModel.swift */ = {isa = PBXFileReference; lastKnownFileType = sourcecode.swift; path = ProfileViewModel.swift; sourceTree = "<group>"; };
		0274683B2B30CF2B00664A7F /* SettingsView.swift */ = {isa = PBXFileReference; lastKnownFileType = sourcecode.swift; path = SettingsView.swift; sourceTree = "<group>"; };
		027468402B30CF6700664A7F /* HomeView.swift */ = {isa = PBXFileReference; lastKnownFileType = sourcecode.swift; path = HomeView.swift; sourceTree = "<group>"; };
		027468422B30CF7400664A7F /* HomeViewModel.swift */ = {isa = PBXFileReference; lastKnownFileType = sourcecode.swift; path = HomeViewModel.swift; sourceTree = "<group>"; };
		027468462B30D30500664A7F /* VoucherCell.swift */ = {isa = PBXFileReference; lastKnownFileType = sourcecode.swift; path = VoucherCell.swift; sourceTree = "<group>"; };
		027468492B30D87900664A7F /* DateFormatter.swift */ = {isa = PBXFileReference; lastKnownFileType = sourcecode.swift; path = DateFormatter.swift; sourceTree = "<group>"; };
		0274684C2B30E10B00664A7F /* VisualEffectView.swift */ = {isa = PBXFileReference; lastKnownFileType = sourcecode.swift; path = VisualEffectView.swift; sourceTree = "<group>"; };
		027468522B30E49E00664A7F /* QRCodeView.swift */ = {isa = PBXFileReference; lastKnownFileType = sourcecode.swift; path = QRCodeView.swift; sourceTree = "<group>"; };
		0274685B2B30EFAD00664A7F /* UIDevice+Extension.swift */ = {isa = PBXFileReference; lastKnownFileType = sourcecode.swift; path = "UIDevice+Extension.swift"; sourceTree = "<group>"; };
		0274685F2B30FA0A00664A7F /* TrackableScrollView.swift */ = {isa = PBXFileReference; lastKnownFileType = sourcecode.swift; path = TrackableScrollView.swift; sourceTree = "<group>"; };
		027468622B31032B00664A7F /* QRCodeGenerator.swift */ = {isa = PBXFileReference; lastKnownFileType = sourcecode.swift; path = QRCodeGenerator.swift; sourceTree = "<group>"; };
		027468642B31094E00664A7F /* MenuList.swift */ = {isa = PBXFileReference; lastKnownFileType = sourcecode.swift; path = MenuList.swift; sourceTree = "<group>"; };
		027468692B319AD700664A7F /* LoginView.swift */ = {isa = PBXFileReference; lastKnownFileType = sourcecode.swift; path = LoginView.swift; sourceTree = "<group>"; };
		0274686B2B319ADE00664A7F /* LoginViewModel.swift */ = {isa = PBXFileReference; lastKnownFileType = sourcecode.swift; path = LoginViewModel.swift; sourceTree = "<group>"; };
		02B610B32B5FE15100844CC3 /* CoverFlowView.swift */ = {isa = PBXFileReference; lastKnownFileType = sourcecode.swift; path = CoverFlowView.swift; sourceTree = "<group>"; };
		02B610B62B5FE94A00844CC3 /* CoffeeCell.swift */ = {isa = PBXFileReference; lastKnownFileType = sourcecode.swift; path = CoffeeCell.swift; sourceTree = "<group>"; };
		02B610B92B5FEDA200844CC3 /* CustomPagingIndicator.swift */ = {isa = PBXFileReference; lastKnownFileType = sourcecode.swift; path = CustomPagingIndicator.swift; sourceTree = "<group>"; };
		02B610BE2B600F9200844CC3 /* OnboardingViewModel.swift */ = {isa = PBXFileReference; lastKnownFileType = sourcecode.swift; path = OnboardingViewModel.swift; sourceTree = "<group>"; };
		02B610C02B600FB000844CC3 /* OnboardingView.swift */ = {isa = PBXFileReference; lastKnownFileType = sourcecode.swift; path = OnboardingView.swift; sourceTree = "<group>"; };
		02B610C32B600FC600844CC3 /* OnboardingPageView.swift */ = {isa = PBXFileReference; lastKnownFileType = sourcecode.swift; path = OnboardingPageView.swift; sourceTree = "<group>"; };
		02D592562B6ABACC0089A9B9 /* OffsetModifier.swift */ = {isa = PBXFileReference; lastKnownFileType = sourcecode.swift; path = OffsetModifier.swift; sourceTree = "<group>"; };
		02D9BAA92B62A1E8009FF2FC /* CoffeeAppAdmin.app */ = {isa = PBXFileReference; explicitFileType = wrapper.application; includeInIndex = 0; path = CoffeeAppAdmin.app; sourceTree = BUILT_PRODUCTS_DIR; };
		02D9BAAB2B62A1E8009FF2FC /* CoffeeAppAdminApp.swift */ = {isa = PBXFileReference; lastKnownFileType = sourcecode.swift; path = CoffeeAppAdminApp.swift; sourceTree = "<group>"; };
		02D9BAAD2B62A1E8009FF2FC /* ContentView.swift */ = {isa = PBXFileReference; lastKnownFileType = sourcecode.swift; path = ContentView.swift; sourceTree = "<group>"; };
		02D9BAAF2B62A1E9009FF2FC /* Assets.xcassets */ = {isa = PBXFileReference; lastKnownFileType = folder.assetcatalog; path = Assets.xcassets; sourceTree = "<group>"; };
		02D9BAB22B62A1E9009FF2FC /* Preview Assets.xcassets */ = {isa = PBXFileReference; lastKnownFileType = folder.assetcatalog; path = "Preview Assets.xcassets"; sourceTree = "<group>"; };
		02D9BAF12B62AD71009FF2FC /* LoginWithGoogleButton.swift */ = {isa = PBXFileReference; lastKnownFileType = sourcecode.swift; path = LoginWithGoogleButton.swift; sourceTree = "<group>"; };
		02D9BAF52B62AD85009FF2FC /* Typealiases.swift */ = {isa = PBXFileReference; lastKnownFileType = sourcecode.swift; path = Typealiases.swift; sourceTree = "<group>"; };
		02D9BAF92B62AE20009FF2FC /* LoginWithEmailButton.swift */ = {isa = PBXFileReference; lastKnownFileType = sourcecode.swift; path = LoginWithEmailButton.swift; sourceTree = "<group>"; };
		02D9BB002B62B64E009FF2FC /* TabPage.swift */ = {isa = PBXFileReference; lastKnownFileType = sourcecode.swift; path = TabPage.swift; sourceTree = "<group>"; };
		02D9BB042B62D156009FF2FC /* ApplicationUtility.swift */ = {isa = PBXFileReference; lastKnownFileType = sourcecode.swift; path = ApplicationUtility.swift; sourceTree = "<group>"; };
		02D9BB082B62D17E009FF2FC /* CAError.swift */ = {isa = PBXFileReference; lastKnownFileType = sourcecode.swift; path = CAError.swift; sourceTree = "<group>"; };
		02D9BB0D2B62D259009FF2FC /* GoogleService-Info.plist */ = {isa = PBXFileReference; fileEncoding = 4; lastKnownFileType = text.plist.xml; path = "GoogleService-Info.plist"; sourceTree = "<group>"; };
		02D9BB102B62D282009FF2FC /* Info.plist */ = {isa = PBXFileReference; lastKnownFileType = text.plist; path = Info.plist; sourceTree = "<group>"; };
		02D9BB122B62D2A1009FF2FC /* SessionService.swift */ = {isa = PBXFileReference; lastKnownFileType = sourcecode.swift; path = SessionService.swift; sourceTree = "<group>"; };
		02E54F412B74DD6000F49C5B /* StampView.swift */ = {isa = PBXFileReference; lastKnownFileType = sourcecode.swift; path = StampView.swift; sourceTree = "<group>"; };
		02E54F452B751B5E00F49C5B /* StringManager.swift */ = {isa = PBXFileReference; lastKnownFileType = sourcecode.swift; path = StringManager.swift; sourceTree = "<group>"; };
		02E54F482B751B7600F49C5B /* PluralizedString.swift */ = {isa = PBXFileReference; lastKnownFileType = sourcecode.swift; path = PluralizedString.swift; sourceTree = "<group>"; };
		02E54F4B2B752B7F00F49C5B /* StampDto.swift */ = {isa = PBXFileReference; lastKnownFileType = sourcecode.swift; path = StampDto.swift; sourceTree = "<group>"; };
		02E54F4F2B753E4D00F49C5B /* VoucherView.swift */ = {isa = PBXFileReference; lastKnownFileType = sourcecode.swift; path = VoucherView.swift; sourceTree = "<group>"; };
		02E54F522B753EA800F49C5B /* StampleCell.swift */ = {isa = PBXFileReference; lastKnownFileType = sourcecode.swift; path = StampleCell.swift; sourceTree = "<group>"; };
		02E54F562B753F2D00F49C5B /* Constants.swift */ = {isa = PBXFileReference; lastKnownFileType = sourcecode.swift; path = Constants.swift; sourceTree = "<group>"; };
		02E54F592B7A278500F49C5B /* AuthProtocol.swift */ = {isa = PBXFileReference; lastKnownFileType = sourcecode.swift; path = AuthProtocol.swift; sourceTree = "<group>"; };
		02ECB46A2B6C126A00F71974 /* KeyWindow.swift */ = {isa = PBXFileReference; lastKnownFileType = sourcecode.swift; path = KeyWindow.swift; sourceTree = "<group>"; };
		02ECB46C2B6C1FC600F71974 /* DeviceRotationModifier.swift */ = {isa = PBXFileReference; lastKnownFileType = sourcecode.swift; path = DeviceRotationModifier.swift; sourceTree = "<group>"; };
		02ECB4732B6D0B2300F71974 /* UserService.swift */ = {isa = PBXFileReference; lastKnownFileType = sourcecode.swift; path = UserService.swift; sourceTree = "<group>"; };
		02ECB4772B6D0B4A00F71974 /* FirestoreUtility.swift */ = {isa = PBXFileReference; lastKnownFileType = sourcecode.swift; path = FirestoreUtility.swift; sourceTree = "<group>"; };
		02ECB47A2B6D0D6C00F71974 /* UserDto.swift */ = {isa = PBXFileReference; lastKnownFileType = sourcecode.swift; path = UserDto.swift; sourceTree = "<group>"; };
		02ECB47D2B6D0E3600F71974 /* CafeDto.swift */ = {isa = PBXFileReference; lastKnownFileType = sourcecode.swift; path = CafeDto.swift; sourceTree = "<group>"; };
		02ECB4802B6D0F4600F71974 /* CLLocation+Ext.swift */ = {isa = PBXFileReference; lastKnownFileType = sourcecode.swift; path = "CLLocation+Ext.swift"; sourceTree = "<group>"; };
		02F0953F2B67CDD2002E5B6A /* ChangeAppearanceButton.swift */ = {isa = PBXFileReference; lastKnownFileType = sourcecode.swift; path = ChangeAppearanceButton.swift; sourceTree = "<group>"; };
		02F095432B67DCF4002E5B6A /* AppStorageKeys.swift */ = {isa = PBXFileReference; lastKnownFileType = sourcecode.swift; path = AppStorageKeys.swift; sourceTree = "<group>"; };
/* End PBXFileReference section */

/* Begin PBXFrameworksBuildPhase section */
		0231F29C2B30C849003BBF55 /* Frameworks */ = {
			isa = PBXFrameworksBuildPhase;
			buildActionMask = 2147483647;
			files = (
				02D9BAEB2B62A8D2009FF2FC /* FirebaseAnalyticsSwift in Frameworks */,
				02D9BAE72B62A8D2009FF2FC /* FirebaseAnalytics in Frameworks */,
				02D9BB192B62D302009FF2FC /* GoogleSignInSwift in Frameworks */,
				02D9BB1F2B62D49A009FF2FC /* FirebaseStorage in Frameworks */,
				02D9BAE92B62A8D2009FF2FC /* FirebaseAnalyticsOnDeviceConversion in Frameworks */,
				02D9BAEF2B62A8D2009FF2FC /* FirebaseAppCheck in Frameworks */,
				02D9BAED2B62A8D2009FF2FC /* FirebaseAnalyticsWithoutAdIdSupport in Frameworks */,
				02D9BB172B62D302009FF2FC /* GoogleSignIn in Frameworks */,
				02D9BB1B2B62D49A009FF2FC /* FirebaseAuth in Frameworks */,
				02D9BB1D2B62D49A009FF2FC /* FirebaseFirestoreSwift in Frameworks */,
			);
			runOnlyForDeploymentPostprocessing = 0;
		};
		02D9BAA62B62A1E8009FF2FC /* Frameworks */ = {
			isa = PBXFrameworksBuildPhase;
			buildActionMask = 2147483647;
			files = (
			);
			runOnlyForDeploymentPostprocessing = 0;
		};
/* End PBXFrameworksBuildPhase section */

/* Begin PBXGroup section */
		020509C82B31DF0100B1D0F3 /* MenuItem */ = {
			isa = PBXGroup;
			children = (
				020509D12B323D8600B1D0F3 /* ViewModel */,
				020509CB2B31DF1300B1D0F3 /* View */,
			);
			path = MenuItem;
			sourceTree = "<group>";
		};
		020509C92B31DF0700B1D0F3 /* Menu */ = {
			isa = PBXGroup;
			children = (
				020509CA2B31DF0C00B1D0F3 /* View */,
			);
			path = Menu;
			sourceTree = "<group>";
		};
		020509CA2B31DF0C00B1D0F3 /* View */ = {
			isa = PBXGroup;
			children = (
				02B610B52B5FE94200844CC3 /* Subviews */,
				027468642B31094E00664A7F /* MenuList.swift */,
			);
			path = View;
			sourceTree = "<group>";
		};
		020509CB2B31DF1300B1D0F3 /* View */ = {
			isa = PBXGroup;
			children = (
				0232910D2B5EF00E004A2B26 /* Subviews */,
				020509CC2B31DF1C00B1D0F3 /* MenuItemPreview.swift */,
			);
			path = View;
			sourceTree = "<group>";
		};
		020509D12B323D8600B1D0F3 /* ViewModel */ = {
			isa = PBXGroup;
			children = (
				020509D22B323D8E00B1D0F3 /* MenuItemPreviewViewModel.swift */,
			);
			path = ViewModel;
			sourceTree = "<group>";
		};
		020509D42B3244D900B1D0F3 /* TagLayout */ = {
			isa = PBXGroup;
			children = (
				020509D52B3244DE00B1D0F3 /* TagLayout.swift */,
			);
			path = TagLayout;
			sourceTree = "<group>";
		};
		020509D72B32592900B1D0F3 /* PriceFormatter */ = {
			isa = PBXGroup;
			children = (
				020509D82B32593000B1D0F3 /* PriceFormatter.swift */,
			);
			path = PriceFormatter;
			sourceTree = "<group>";
		};
		020509DA2B32E51500B1D0F3 /* Enums */ = {
			isa = PBXGroup;
			children = (
				020509DB2B32E51D00B1D0F3 /* CoffeeAccessoryType.swift */,
				02E54F482B751B7600F49C5B /* PluralizedString.swift */,
			);
			path = Enums;
			sourceTree = "<group>";
		};
		020509DF2B32E63900B1D0F3 /* Networking */ = {
			isa = PBXGroup;
			children = (
				02D9BB112B62D299009FF2FC /* Services */,
				02D9BB072B62D179009FF2FC /* Error */,
				020509E02B32E63C00B1D0F3 /* Models */,
			);
			path = Networking;
			sourceTree = "<group>";
		};
		020509E02B32E63C00B1D0F3 /* Models */ = {
			isa = PBXGroup;
			children = (
				020509E12B32E64400B1D0F3 /* CoffeeDto.swift */,
				02ECB47A2B6D0D6C00F71974 /* UserDto.swift */,
				0232910B2B5EEE24004A2B26 /* CoffeeAccessory.swift */,
				0232911A2B5F0CB9004A2B26 /* Menu.swift */,
				02ECB47D2B6D0E3600F71974 /* CafeDto.swift */,
				02E54F4B2B752B7F00F49C5B /* StampDto.swift */,
			);
			path = Models;
			sourceTree = "<group>";
		};
		0205434B2B6DA64300C3E0CA /* CreateUserProfile */ = {
			isa = PBXGroup;
			children = (
				0205434D2B6DA69500C3E0CA /* ViewModel */,
				0205434C2B6DA69200C3E0CA /* View */,
			);
			path = CreateUserProfile;
			sourceTree = "<group>";
		};
		0205434C2B6DA69200C3E0CA /* View */ = {
			isa = PBXGroup;
			children = (
				020543502B6DA71800C3E0CA /* CreateUserProfileView.swift */,
			);
			path = View;
			sourceTree = "<group>";
		};
		0205434D2B6DA69500C3E0CA /* ViewModel */ = {
			isa = PBXGroup;
			children = (
				0205435F2B6FBE3B00C3E0CA /* CreateUserProfileViewModel.swift */,
			);
			path = ViewModel;
			sourceTree = "<group>";
		};
		020543522B6DA90800C3E0CA /* SafeAreaView */ = {
			isa = PBXGroup;
			children = (
				020543532B6DA91000C3E0CA /* SafeAreaView.swift */,
			);
			path = SafeAreaView;
			sourceTree = "<group>";
		};
		020543562B6FB30D00C3E0CA /* ChooseCafe */ = {
			isa = PBXGroup;
			children = (
				0205435B2B6FB36300C3E0CA /* ViewModel */,
				020543572B6FB30F00C3E0CA /* View */,
			);
			path = ChooseCafe;
			sourceTree = "<group>";
		};
		020543572B6FB30F00C3E0CA /* View */ = {
			isa = PBXGroup;
			children = (
				020543582B6FB31600C3E0CA /* ChooseCafeView.swift */,
			);
			path = View;
			sourceTree = "<group>";
		};
		0205435B2B6FB36300C3E0CA /* ViewModel */ = {
			isa = PBXGroup;
			children = (
				0205435C2B6FB36C00C3E0CA /* ChooseCafeViewModel.swift */,
			);
			path = ViewModel;
			sourceTree = "<group>";
		};
		0205438D2B717A5E00C3E0CA /* CafeDetails */ = {
			isa = PBXGroup;
			children = (
				0205438F2B717A6800C3E0CA /* ViewModel */,
				0205438E2B717A6400C3E0CA /* View */,
			);
			path = CafeDetails;
			sourceTree = "<group>";
		};
		0205438E2B717A6400C3E0CA /* View */ = {
			isa = PBXGroup;
			children = (
				020543902B717A7100C3E0CA /* CafeDetailsView.swift */,
			);
			path = View;
			sourceTree = "<group>";
		};
		0205438F2B717A6800C3E0CA /* ViewModel */ = {
			isa = PBXGroup;
			children = (
			);
			path = ViewModel;
			sourceTree = "<group>";
		};
		0231F2962B30C849003BBF55 = {
			isa = PBXGroup;
			children = (
				0231F2A12B30C849003BBF55 /* CoffeeApp */,
				02D9BAAA2B62A1E8009FF2FC /* CoffeeAppAdmin */,
				0231F2A02B30C849003BBF55 /* Products */,
			);
			sourceTree = "<group>";
		};
		0231F2A02B30C849003BBF55 /* Products */ = {
			isa = PBXGroup;
			children = (
				0231F29F2B30C849003BBF55 /* CoffeeApp.app */,
				02D9BAA92B62A1E8009FF2FC /* CoffeeAppAdmin.app */,
			);
			name = Products;
			sourceTree = "<group>";
		};
		0231F2A12B30C849003BBF55 /* CoffeeApp */ = {
			isa = PBXGroup;
			children = (
				02D9BB102B62D282009FF2FC /* Info.plist */,
				02D9BAE12B62A5E3009FF2FC /* Config */,
				020509DF2B32E63900B1D0F3 /* Networking */,
				0274682E2B30CD6D00664A7F /* Navigation */,
				0274682A2B30CC3D00664A7F /* Utilis */,
				027468222B30CC0300664A7F /* Presentation */,
				0231F2A22B30C849003BBF55 /* CoffeeAppApp.swift */,
				0231F2A62B30C84B003BBF55 /* Assets.xcassets */,
				0231F2A82B30C84B003BBF55 /* Preview Content */,
			);
			path = CoffeeApp;
			sourceTree = "<group>";
		};
		0231F2A82B30C84B003BBF55 /* Preview Content */ = {
			isa = PBXGroup;
			children = (
				0231F2A92B30C84B003BBF55 /* Preview Assets.xcassets */,
			);
			path = "Preview Content";
			sourceTree = "<group>";
		};
		0232910D2B5EF00E004A2B26 /* Subviews */ = {
			isa = PBXGroup;
			children = (
				023291102B5EF024004A2B26 /* OrderCoffeeButton.swift */,
				023291122B5EF0CB004A2B26 /* CoffeeAccessoriesList.swift */,
				023291142B5EF182004A2B26 /* CoffeeAccessoryButton.swift */,
				023291162B5EF1E2004A2B26 /* AddProductPlusButton.swift */,
				023291182B5EF45B004A2B26 /* SelectedCoffeeAccessoryButton.swift */,
			);
			path = Subviews;
			sourceTree = "<group>";
		};
		0232911C2B5F13CC004A2B26 /* Haptic */ = {
			isa = PBXGroup;
			children = (
				0232911D2B5F13D1004A2B26 /* HapticManager.swift */,
			);
			path = Haptic;
			sourceTree = "<group>";
		};
		0233E2932B5C1CD700595272 /* QRCodeImage */ = {
			isa = PBXGroup;
			children = (
				0233E2942B5C1CE200595272 /* QRCodeImageView.swift */,
			);
			path = QRCodeImage;
			sourceTree = "<group>";
		};
		024430C32B3996340024D729 /* Protocols */ = {
			isa = PBXGroup;
			children = (
				024430C42B3996800024D729 /* CoffeeAccessoryProtocol.swift */,
				02E54F592B7A278500F49C5B /* AuthProtocol.swift */,
			);
			path = Protocols;
			sourceTree = "<group>";
		};
		027468222B30CC0300664A7F /* Presentation */ = {
			isa = PBXGroup;
			children = (
				0205438D2B717A5E00C3E0CA /* CafeDetails */,
				020543562B6FB30D00C3E0CA /* ChooseCafe */,
				0205434B2B6DA64300C3E0CA /* CreateUserProfile */,
				02B610BB2B600F8300844CC3 /* Onboarding */,
				020509C92B31DF0700B1D0F3 /* Menu */,
				020509C82B31DF0100B1D0F3 /* MenuItem */,
				027468662B319A9A00664A7F /* Login */,
				027468502B30E49700664A7F /* QRCode */,
				0274683D2B30CF5C00664A7F /* Home */,
				027468362B30CF0F00664A7F /* Settings */,
				027468312B30CEB200664A7F /* Main */,
				027468232B30CC0600664A7F /* Splash */,
			);
			path = Presentation;
			sourceTree = "<group>";
		};
		027468232B30CC0600664A7F /* Splash */ = {
			isa = PBXGroup;
			children = (
				027468252B30CC0B00664A7F /* ViewModel */,
				027468242B30CC0900664A7F /* View */,
			);
			path = Splash;
			sourceTree = "<group>";
		};
		027468242B30CC0900664A7F /* View */ = {
			isa = PBXGroup;
			children = (
				027468262B30CC1100664A7F /* SplashView.swift */,
			);
			path = View;
			sourceTree = "<group>";
		};
		027468252B30CC0B00664A7F /* ViewModel */ = {
			isa = PBXGroup;
			children = (
				027468282B30CC2F00664A7F /* SplashViewModel.swift */,
			);
			path = ViewModel;
			sourceTree = "<group>";
		};
		0274682A2B30CC3D00664A7F /* Utilis */ = {
			isa = PBXGroup;
			children = (
				02E54F552B753F2600F49C5B /* Constants */,
				02E54F442B751B5700F49C5B /* Managers */,
				02ECB4762B6D0B4400F71974 /* FirestoreUtility */,
				02ECB4692B6C126500F71974 /* Helpers */,
				02F095422B67DCE4002E5B6A /* AppStorageKeys */,
				02D9BB032B62D14D009FF2FC /* ApplicationUtility */,
				02D9BAF42B62AD7D009FF2FC /* Typealiases */,
				0232911C2B5F13CC004A2B26 /* Haptic */,
				024430C32B3996340024D729 /* Protocols */,
				020509DA2B32E51500B1D0F3 /* Enums */,
				020509D72B32592900B1D0F3 /* PriceFormatter */,
				020509D42B3244D900B1D0F3 /* TagLayout */,
				027468612B31031F00664A7F /* QRCodeGenerator */,
				0274685D2B30F9F300664A7F /* CustomUI */,
				027468572B30EF9400664A7F /* Extensions */,
				027468482B30D87200664A7F /* DateFormatter */,
				0274682B2B30CC3F00664A7F /* BaseViewModel */,
			);
			path = Utilis;
			sourceTree = "<group>";
		};
		0274682B2B30CC3F00664A7F /* BaseViewModel */ = {
			isa = PBXGroup;
			children = (
				0274682C2B30CC4500664A7F /* BaseViewModel.swift */,
			);
			path = BaseViewModel;
			sourceTree = "<group>";
		};
		0274682E2B30CD6D00664A7F /* Navigation */ = {
			isa = PBXGroup;
			children = (
				0274682F2B30CD7100664A7F /* Route.swift */,
			);
			path = Navigation;
			sourceTree = "<group>";
		};
		027468312B30CEB200664A7F /* Main */ = {
			isa = PBXGroup;
			children = (
				02D9BAFF2B62B64A009FF2FC /* Enums */,
				027468332B30CEB500664A7F /* ViewModel */,
				027468322B30CEB300664A7F /* View */,
			);
			path = Main;
			sourceTree = "<group>";
		};
		027468322B30CEB300664A7F /* View */ = {
			isa = PBXGroup;
			children = (
				0231F2A42B30C849003BBF55 /* MainView.swift */,
			);
			path = View;
			sourceTree = "<group>";
		};
		027468332B30CEB500664A7F /* ViewModel */ = {
			isa = PBXGroup;
			children = (
				027468342B30CEBF00664A7F /* MainViewModel.swift */,
			);
			path = ViewModel;
			sourceTree = "<group>";
		};
		027468362B30CF0F00664A7F /* Settings */ = {
			isa = PBXGroup;
			children = (
				027468382B30CF1200664A7F /* ViewModel */,
				027468372B30CF1000664A7F /* View */,
			);
			path = Settings;
			sourceTree = "<group>";
		};
		027468372B30CF1000664A7F /* View */ = {
			isa = PBXGroup;
			children = (
				0274683B2B30CF2B00664A7F /* SettingsView.swift */,
			);
			path = View;
			sourceTree = "<group>";
		};
		027468382B30CF1200664A7F /* ViewModel */ = {
			isa = PBXGroup;
			children = (
				027468392B30CF1800664A7F /* ProfileViewModel.swift */,
			);
			path = ViewModel;
			sourceTree = "<group>";
		};
		0274683D2B30CF5C00664A7F /* Home */ = {
			isa = PBXGroup;
			children = (
				0274683F2B30CF5F00664A7F /* ViewModel */,
				0274683E2B30CF5D00664A7F /* View */,
			);
			path = Home;
			sourceTree = "<group>";
		};
		0274683E2B30CF5D00664A7F /* View */ = {
			isa = PBXGroup;
			children = (
				027468442B30D2F900664A7F /* Subviews */,
				027468402B30CF6700664A7F /* HomeView.swift */,
			);
			path = View;
			sourceTree = "<group>";
		};
		0274683F2B30CF5F00664A7F /* ViewModel */ = {
			isa = PBXGroup;
			children = (
				027468422B30CF7400664A7F /* HomeViewModel.swift */,
			);
			path = ViewModel;
			sourceTree = "<group>";
		};
		027468442B30D2F900664A7F /* Subviews */ = {
			isa = PBXGroup;
			children = (
				027468452B30D2FA00664A7F /* VoucherCell */,
			);
			path = Subviews;
			sourceTree = "<group>";
		};
		027468452B30D2FA00664A7F /* VoucherCell */ = {
			isa = PBXGroup;
			children = (
				027468462B30D30500664A7F /* VoucherCell.swift */,
			);
			path = VoucherCell;
			sourceTree = "<group>";
		};
		027468482B30D87200664A7F /* DateFormatter */ = {
			isa = PBXGroup;
			children = (
				027468492B30D87900664A7F /* DateFormatter.swift */,
			);
			path = DateFormatter;
			sourceTree = "<group>";
		};
		0274684B2B30E10400664A7F /* VisualEffectView */ = {
			isa = PBXGroup;
			children = (
				0274684C2B30E10B00664A7F /* VisualEffectView.swift */,
			);
			path = VisualEffectView;
			sourceTree = "<group>";
		};
		027468502B30E49700664A7F /* QRCode */ = {
			isa = PBXGroup;
			children = (
				027468512B30E49900664A7F /* View */,
			);
			path = QRCode;
			sourceTree = "<group>";
		};
		027468512B30E49900664A7F /* View */ = {
			isa = PBXGroup;
			children = (
				027468522B30E49E00664A7F /* QRCodeView.swift */,
			);
			path = View;
			sourceTree = "<group>";
		};
		027468572B30EF9400664A7F /* Extensions */ = {
			isa = PBXGroup;
			children = (
				0274685B2B30EFAD00664A7F /* UIDevice+Extension.swift */,
				02ECB4802B6D0F4600F71974 /* CLLocation+Ext.swift */,
			);
			path = Extensions;
			sourceTree = "<group>";
		};
		0274685D2B30F9F300664A7F /* CustomUI */ = {
			isa = PBXGroup;
			children = (
				02E54F402B74DD5400F49C5B /* Stamp */,
				020543522B6DA90800C3E0CA /* SafeAreaView */,
				02D592552B6ABAC60089A9B9 /* Modifiers */,
				02B610B82B5FED9A00844CC3 /* CustomPagingIndicator */,
				02B610B22B5FE14A00844CC3 /* CoverFlowView */,
				0233E2932B5C1CD700595272 /* QRCodeImage */,
				0274685E2B30F9F900664A7F /* TrackableScrollView */,
				0274684B2B30E10400664A7F /* VisualEffectView */,
			);
			path = CustomUI;
			sourceTree = "<group>";
		};
		0274685E2B30F9F900664A7F /* TrackableScrollView */ = {
			isa = PBXGroup;
			children = (
				0274685F2B30FA0A00664A7F /* TrackableScrollView.swift */,
			);
			path = TrackableScrollView;
			sourceTree = "<group>";
		};
		027468612B31031F00664A7F /* QRCodeGenerator */ = {
			isa = PBXGroup;
			children = (
				027468622B31032B00664A7F /* QRCodeGenerator.swift */,
			);
			path = QRCodeGenerator;
			sourceTree = "<group>";
		};
		027468662B319A9A00664A7F /* Login */ = {
			isa = PBXGroup;
			children = (
				027468682B319AC500664A7F /* ViewModel */,
				027468672B319AC300664A7F /* View */,
			);
			path = Login;
			sourceTree = "<group>";
		};
		027468672B319AC300664A7F /* View */ = {
			isa = PBXGroup;
			children = (
				02D9BAF82B62AE19009FF2FC /* Subviews */,
				027468692B319AD700664A7F /* LoginView.swift */,
			);
			path = View;
			sourceTree = "<group>";
		};
		027468682B319AC500664A7F /* ViewModel */ = {
			isa = PBXGroup;
			children = (
				0274686B2B319ADE00664A7F /* LoginViewModel.swift */,
			);
			path = ViewModel;
			sourceTree = "<group>";
		};
		02B610B22B5FE14A00844CC3 /* CoverFlowView */ = {
			isa = PBXGroup;
			children = (
				02B610B32B5FE15100844CC3 /* CoverFlowView.swift */,
			);
			path = CoverFlowView;
			sourceTree = "<group>";
		};
		02B610B52B5FE94200844CC3 /* Subviews */ = {
			isa = PBXGroup;
			children = (
				02B610B62B5FE94A00844CC3 /* CoffeeCell.swift */,
				02F0953F2B67CDD2002E5B6A /* ChangeAppearanceButton.swift */,
			);
			path = Subviews;
			sourceTree = "<group>";
		};
		02B610B82B5FED9A00844CC3 /* CustomPagingIndicator */ = {
			isa = PBXGroup;
			children = (
				02B610B92B5FEDA200844CC3 /* CustomPagingIndicator.swift */,
			);
			path = CustomPagingIndicator;
			sourceTree = "<group>";
		};
		02B610BB2B600F8300844CC3 /* Onboarding */ = {
			isa = PBXGroup;
			children = (
				02B610BD2B600F8A00844CC3 /* ViewModel */,
				02B610BC2B600F8700844CC3 /* View */,
			);
			path = Onboarding;
			sourceTree = "<group>";
		};
		02B610BC2B600F8700844CC3 /* View */ = {
			isa = PBXGroup;
			children = (
				02B610C22B600FBC00844CC3 /* Subviews */,
				02B610C02B600FB000844CC3 /* OnboardingView.swift */,
			);
			path = View;
			sourceTree = "<group>";
		};
		02B610BD2B600F8A00844CC3 /* ViewModel */ = {
			isa = PBXGroup;
			children = (
				02B610BE2B600F9200844CC3 /* OnboardingViewModel.swift */,
			);
			path = ViewModel;
			sourceTree = "<group>";
		};
		02B610C22B600FBC00844CC3 /* Subviews */ = {
			isa = PBXGroup;
			children = (
				02B610C32B600FC600844CC3 /* OnboardingPageView.swift */,
			);
			path = Subviews;
			sourceTree = "<group>";
		};
		02D592552B6ABAC60089A9B9 /* Modifiers */ = {
			isa = PBXGroup;
			children = (
				02D592562B6ABACC0089A9B9 /* OffsetModifier.swift */,
				02ECB46C2B6C1FC600F71974 /* DeviceRotationModifier.swift */,
				020543932B73A82B00C3E0CA /* ButtonEnabledModifier.swift */,
				0205439F2B741E0F00C3E0CA /* ViewDidLoadModifier.swift */,
			);
			path = Modifiers;
			sourceTree = "<group>";
		};
		02D9BAAA2B62A1E8009FF2FC /* CoffeeAppAdmin */ = {
			isa = PBXGroup;
			children = (
				02D9BAAB2B62A1E8009FF2FC /* CoffeeAppAdminApp.swift */,
				02D9BAAD2B62A1E8009FF2FC /* ContentView.swift */,
				02D9BAAF2B62A1E9009FF2FC /* Assets.xcassets */,
				02D9BAB12B62A1E9009FF2FC /* Preview Content */,
			);
			path = CoffeeAppAdmin;
			sourceTree = "<group>";
		};
		02D9BAB12B62A1E9009FF2FC /* Preview Content */ = {
			isa = PBXGroup;
			children = (
				02D9BAB22B62A1E9009FF2FC /* Preview Assets.xcassets */,
			);
			path = "Preview Content";
			sourceTree = "<group>";
		};
		02D9BAE12B62A5E3009FF2FC /* Config */ = {
			isa = PBXGroup;
			children = (
				02D9BB0D2B62D259009FF2FC /* GoogleService-Info.plist */,
			);
			path = Config;
			sourceTree = "<group>";
		};
		02D9BAF42B62AD7D009FF2FC /* Typealiases */ = {
			isa = PBXGroup;
			children = (
				02D9BAF52B62AD85009FF2FC /* Typealiases.swift */,
			);
			path = Typealiases;
			sourceTree = "<group>";
		};
		02D9BAF82B62AE19009FF2FC /* Subviews */ = {
			isa = PBXGroup;
			children = (
				02D9BAF12B62AD71009FF2FC /* LoginWithGoogleButton.swift */,
				02D9BAF92B62AE20009FF2FC /* LoginWithEmailButton.swift */,
			);
			path = Subviews;
			sourceTree = "<group>";
		};
		02D9BAFF2B62B64A009FF2FC /* Enums */ = {
			isa = PBXGroup;
			children = (
				02D9BB002B62B64E009FF2FC /* TabPage.swift */,
			);
			path = Enums;
			sourceTree = "<group>";
		};
		02D9BB032B62D14D009FF2FC /* ApplicationUtility */ = {
			isa = PBXGroup;
			children = (
				02D9BB042B62D156009FF2FC /* ApplicationUtility.swift */,
			);
			path = ApplicationUtility;
			sourceTree = "<group>";
		};
		02D9BB072B62D179009FF2FC /* Error */ = {
			isa = PBXGroup;
			children = (
				02D9BB082B62D17E009FF2FC /* CAError.swift */,
			);
			path = Error;
			sourceTree = "<group>";
		};
		02D9BB112B62D299009FF2FC /* Services */ = {
			isa = PBXGroup;
			children = (
				02D9BB122B62D2A1009FF2FC /* SessionService.swift */,
				02ECB4732B6D0B2300F71974 /* UserService.swift */,
				020543992B73CD6F00C3E0CA /* CafeService.swift */,
				0205439C2B73CE2800C3E0CA /* Base.swift */,
			);
			path = Services;
			sourceTree = "<group>";
		};
		02E54F402B74DD5400F49C5B /* Stamp */ = {
			isa = PBXGroup;
			children = (
				02E54F4E2B753E4500F49C5B /* Subviews */,
				02E54F412B74DD6000F49C5B /* StampView.swift */,
			);
			path = Stamp;
			sourceTree = "<group>";
		};
		02E54F442B751B5700F49C5B /* Managers */ = {
			isa = PBXGroup;
			children = (
				02E54F452B751B5E00F49C5B /* StringManager.swift */,
			);
			path = Managers;
			sourceTree = "<group>";
		};
		02E54F4E2B753E4500F49C5B /* Subviews */ = {
			isa = PBXGroup;
			children = (
				02E54F4F2B753E4D00F49C5B /* VoucherView.swift */,
				02E54F522B753EA800F49C5B /* StampleCell.swift */,
			);
			path = Subviews;
			sourceTree = "<group>";
		};
		02E54F552B753F2600F49C5B /* Constants */ = {
			isa = PBXGroup;
			children = (
				02E54F562B753F2D00F49C5B /* Constants.swift */,
			);
			path = Constants;
			sourceTree = "<group>";
		};
		02ECB4692B6C126500F71974 /* Helpers */ = {
			isa = PBXGroup;
			children = (
				02ECB46A2B6C126A00F71974 /* KeyWindow.swift */,
			);
			path = Helpers;
			sourceTree = "<group>";
		};
		02ECB4762B6D0B4400F71974 /* FirestoreUtility */ = {
			isa = PBXGroup;
			children = (
				02ECB4772B6D0B4A00F71974 /* FirestoreUtility.swift */,
			);
			path = FirestoreUtility;
			sourceTree = "<group>";
		};
		02F095422B67DCE4002E5B6A /* AppStorageKeys */ = {
			isa = PBXGroup;
			children = (
				02F095432B67DCF4002E5B6A /* AppStorageKeys.swift */,
			);
			path = AppStorageKeys;
			sourceTree = "<group>";
		};
/* End PBXGroup section */

/* Begin PBXNativeTarget section */
		0231F29E2B30C849003BBF55 /* CoffeeApp */ = {
			isa = PBXNativeTarget;
			buildConfigurationList = 0231F2AD2B30C84B003BBF55 /* Build configuration list for PBXNativeTarget "CoffeeApp" */;
			buildPhases = (
				0231F29B2B30C849003BBF55 /* Sources */,
				0231F29C2B30C849003BBF55 /* Frameworks */,
				0231F29D2B30C849003BBF55 /* Resources */,
			);
			buildRules = (
			);
			dependencies = (
			);
			name = CoffeeApp;
			packageProductDependencies = (
				02D9BAE62B62A8D2009FF2FC /* FirebaseAnalytics */,
				02D9BAE82B62A8D2009FF2FC /* FirebaseAnalyticsOnDeviceConversion */,
				02D9BAEA2B62A8D2009FF2FC /* FirebaseAnalyticsSwift */,
				02D9BAEC2B62A8D2009FF2FC /* FirebaseAnalyticsWithoutAdIdSupport */,
				02D9BAEE2B62A8D2009FF2FC /* FirebaseAppCheck */,
				02D9BB162B62D302009FF2FC /* GoogleSignIn */,
				02D9BB182B62D302009FF2FC /* GoogleSignInSwift */,
				02D9BB1A2B62D49A009FF2FC /* FirebaseAuth */,
				02D9BB1C2B62D49A009FF2FC /* FirebaseFirestoreSwift */,
				02D9BB1E2B62D49A009FF2FC /* FirebaseStorage */,
			);
			productName = CoffeeApp;
			productReference = 0231F29F2B30C849003BBF55 /* CoffeeApp.app */;
			productType = "com.apple.product-type.application";
		};
		02D9BAA82B62A1E8009FF2FC /* CoffeeAppAdmin */ = {
			isa = PBXNativeTarget;
			buildConfigurationList = 02D9BAB42B62A1E9009FF2FC /* Build configuration list for PBXNativeTarget "CoffeeAppAdmin" */;
			buildPhases = (
				02D9BAA52B62A1E8009FF2FC /* Sources */,
				02D9BAA62B62A1E8009FF2FC /* Frameworks */,
				02D9BAA72B62A1E8009FF2FC /* Resources */,
			);
			buildRules = (
			);
			dependencies = (
			);
			name = CoffeeAppAdmin;
			productName = CoffeeAppAdmin;
			productReference = 02D9BAA92B62A1E8009FF2FC /* CoffeeAppAdmin.app */;
			productType = "com.apple.product-type.application";
		};
/* End PBXNativeTarget section */

/* Begin PBXProject section */
		0231F2972B30C849003BBF55 /* Project object */ = {
			isa = PBXProject;
			attributes = {
				BuildIndependentTargetsInParallel = 1;
				LastSwiftUpdateCheck = 1500;
				LastUpgradeCheck = 1500;
				TargetAttributes = {
					0231F29E2B30C849003BBF55 = {
						CreatedOnToolsVersion = 15.0.1;
					};
					02D9BAA82B62A1E8009FF2FC = {
						CreatedOnToolsVersion = 15.0.1;
					};
				};
			};
			buildConfigurationList = 0231F29A2B30C849003BBF55 /* Build configuration list for PBXProject "CoffeeApp" */;
			compatibilityVersion = "Xcode 14.0";
			developmentRegion = en;
			hasScannedForEncodings = 0;
			knownRegions = (
				en,
				Base,
			);
			mainGroup = 0231F2962B30C849003BBF55;
			packageReferences = (
				02D9BAE52B62A8D2009FF2FC /* XCRemoteSwiftPackageReference "firebase-ios-sdk" */,
				02D9BB152B62D302009FF2FC /* XCRemoteSwiftPackageReference "GoogleSignIn-iOS" */,
			);
			productRefGroup = 0231F2A02B30C849003BBF55 /* Products */;
			projectDirPath = "";
			projectRoot = "";
			targets = (
				0231F29E2B30C849003BBF55 /* CoffeeApp */,
				02D9BAA82B62A1E8009FF2FC /* CoffeeAppAdmin */,
			);
		};
/* End PBXProject section */

/* Begin PBXResourcesBuildPhase section */
		0231F29D2B30C849003BBF55 /* Resources */ = {
			isa = PBXResourcesBuildPhase;
			buildActionMask = 2147483647;
			files = (
				0231F2AA2B30C84B003BBF55 /* Preview Assets.xcassets in Resources */,
				0231F2A72B30C84B003BBF55 /* Assets.xcassets in Resources */,
				02D9BB0E2B62D259009FF2FC /* GoogleService-Info.plist in Resources */,
			);
			runOnlyForDeploymentPostprocessing = 0;
		};
		02D9BAA72B62A1E8009FF2FC /* Resources */ = {
			isa = PBXResourcesBuildPhase;
			buildActionMask = 2147483647;
			files = (
				02D9BAB32B62A1E9009FF2FC /* Preview Assets.xcassets in Resources */,
				02D9BAB02B62A1E9009FF2FC /* Assets.xcassets in Resources */,
				02D9BB0F2B62D259009FF2FC /* GoogleService-Info.plist in Resources */,
			);
			runOnlyForDeploymentPostprocessing = 0;
		};
/* End PBXResourcesBuildPhase section */

/* Begin PBXSourcesBuildPhase section */
		0231F29B2B30C849003BBF55 /* Sources */ = {
			isa = PBXSourcesBuildPhase;
			buildActionMask = 2147483647;
			files = (
				027468352B30CEBF00664A7F /* MainViewModel.swift in Sources */,
				02F095442B67DCF4002E5B6A /* AppStorageKeys.swift in Sources */,
				027468432B30CF7400664A7F /* HomeViewModel.swift in Sources */,
				020543602B6FBE3B00C3E0CA /* CreateUserProfileViewModel.swift in Sources */,
				0274683C2B30CF2B00664A7F /* SettingsView.swift in Sources */,
				020543942B73A82B00C3E0CA /* ButtonEnabledModifier.swift in Sources */,
				0231F2A52B30C849003BBF55 /* MainView.swift in Sources */,
				02E54F5A2B7A278500F49C5B /* AuthProtocol.swift in Sources */,
				02D9BB092B62D17E009FF2FC /* CAError.swift in Sources */,
				020509DC2B32E51D00B1D0F3 /* CoffeeAccessoryType.swift in Sources */,
				0232911E2B5F13D1004A2B26 /* HapticManager.swift in Sources */,
				02D9BAFA2B62AE20009FF2FC /* LoginWithEmailButton.swift in Sources */,
				02ECB4782B6D0B4A00F71974 /* FirestoreUtility.swift in Sources */,
				02D9BB012B62B64E009FF2FC /* TabPage.swift in Sources */,
				020509D62B3244DE00B1D0F3 /* TagLayout.swift in Sources */,
				0232911B2B5F0CB9004A2B26 /* Menu.swift in Sources */,
				020543912B717A7100C3E0CA /* CafeDetailsView.swift in Sources */,
				023291152B5EF182004A2B26 /* CoffeeAccessoryButton.swift in Sources */,
				02D9BB052B62D156009FF2FC /* ApplicationUtility.swift in Sources */,
				02B610BA2B5FEDA200844CC3 /* CustomPagingIndicator.swift in Sources */,
				0205435D2B6FB36C00C3E0CA /* ChooseCafeViewModel.swift in Sources */,
				027468602B30FA0A00664A7F /* TrackableScrollView.swift in Sources */,
				0274684A2B30D87900664A7F /* DateFormatter.swift in Sources */,
				020509CD2B31DF1C00B1D0F3 /* MenuItemPreview.swift in Sources */,
				020543512B6DA71800C3E0CA /* CreateUserProfileView.swift in Sources */,
				02D592572B6ABACC0089A9B9 /* OffsetModifier.swift in Sources */,
				02ECB46B2B6C126A00F71974 /* KeyWindow.swift in Sources */,
				020509E22B32E64400B1D0F3 /* CoffeeDto.swift in Sources */,
				027468412B30CF6700664A7F /* HomeView.swift in Sources */,
				027468632B31032B00664A7F /* QRCodeGenerator.swift in Sources */,
				023291112B5EF024004A2B26 /* OrderCoffeeButton.swift in Sources */,
				02E54F532B753EA800F49C5B /* StampleCell.swift in Sources */,
				0274682D2B30CC4500664A7F /* BaseViewModel.swift in Sources */,
				02B610B72B5FE94A00844CC3 /* CoffeeCell.swift in Sources */,
				023291172B5EF1E2004A2B26 /* AddProductPlusButton.swift in Sources */,
				02ECB47B2B6D0D6C00F71974 /* UserDto.swift in Sources */,
				023291132B5EF0CB004A2B26 /* CoffeeAccessoriesList.swift in Sources */,
				02ECB4742B6D0B2300F71974 /* UserService.swift in Sources */,
				0231F2A32B30C849003BBF55 /* CoffeeAppApp.swift in Sources */,
				027468302B30CD7100664A7F /* Route.swift in Sources */,
				0274685C2B30EFAD00664A7F /* UIDevice+Extension.swift in Sources */,
				02D9BAF22B62AD71009FF2FC /* LoginWithGoogleButton.swift in Sources */,
				02E54F502B753E4D00F49C5B /* VoucherView.swift in Sources */,
				020543542B6DA91000C3E0CA /* SafeAreaView.swift in Sources */,
				02B610BF2B600F9200844CC3 /* OnboardingViewModel.swift in Sources */,
				0205439D2B73CE2800C3E0CA /* Base.swift in Sources */,
				02E54F492B751B7600F49C5B /* PluralizedString.swift in Sources */,
				0233E2952B5C1CE200595272 /* QRCodeImageView.swift in Sources */,
				024430C52B3996800024D729 /* CoffeeAccessoryProtocol.swift in Sources */,
				02B610C12B600FB000844CC3 /* OnboardingView.swift in Sources */,
				02ECB4812B6D0F4600F71974 /* CLLocation+Ext.swift in Sources */,
				023291192B5EF45B004A2B26 /* SelectedCoffeeAccessoryButton.swift in Sources */,
				02E54F462B751B5E00F49C5B /* StringManager.swift in Sources */,
				02B610C42B600FC600844CC3 /* OnboardingPageView.swift in Sources */,
				0274684D2B30E10B00664A7F /* VisualEffectView.swift in Sources */,
				02D9BB132B62D2A1009FF2FC /* SessionService.swift in Sources */,
				02D9BAF62B62AD85009FF2FC /* Typealiases.swift in Sources */,
				02ECB47E2B6D0E3700F71974 /* CafeDto.swift in Sources */,
				02E54F4C2B752B7F00F49C5B /* StampDto.swift in Sources */,
				027468272B30CC1100664A7F /* SplashView.swift in Sources */,
				027468472B30D30500664A7F /* VoucherCell.swift in Sources */,
				02B610B42B5FE15100844CC3 /* CoverFlowView.swift in Sources */,
				027468652B31094E00664A7F /* MenuList.swift in Sources */,
				0232910C2B5EEE24004A2B26 /* CoffeeAccessory.swift in Sources */,
				02E54F422B74DD6000F49C5B /* StampView.swift in Sources */,
				027468532B30E49E00664A7F /* QRCodeView.swift in Sources */,
				0274683A2B30CF1800664A7F /* ProfileViewModel.swift in Sources */,
				020543592B6FB31600C3E0CA /* ChooseCafeView.swift in Sources */,
				02E54F572B753F2D00F49C5B /* Constants.swift in Sources */,
				02F095402B67CDD2002E5B6A /* ChangeAppearanceButton.swift in Sources */,
				0274686A2B319AD700664A7F /* LoginView.swift in Sources */,
				027468292B30CC2F00664A7F /* SplashViewModel.swift in Sources */,
				020509D92B32593000B1D0F3 /* PriceFormatter.swift in Sources */,
				020543A02B741E0F00C3E0CA /* ViewDidLoadModifier.swift in Sources */,
				0205439A2B73CD6F00C3E0CA /* CafeService.swift in Sources */,
				020509D32B323D8E00B1D0F3 /* MenuItemPreviewViewModel.swift in Sources */,
				0274686C2B319ADE00664A7F /* LoginViewModel.swift in Sources */,
				02ECB46D2B6C1FC600F71974 /* DeviceRotationModifier.swift in Sources */,
			);
			runOnlyForDeploymentPostprocessing = 0;
		};
		02D9BAA52B62A1E8009FF2FC /* Sources */ = {
			isa = PBXSourcesBuildPhase;
			buildActionMask = 2147483647;
			files = (
				02D9BAD72B62A2CC009FF2FC /* SettingsView.swift in Sources */,
				02D9BACD2B62A2A0009FF2FC /* CoffeeAccessoryButton.swift in Sources */,
				02D9BAD12B62A2B4009FF2FC /* LoginView.swift in Sources */,
				02ECB4822B6D0F4600F71974 /* CLLocation+Ext.swift in Sources */,
				02D9BABE2B62A255009FF2FC /* CoverFlowView.swift in Sources */,
				02E54F512B753E4D00F49C5B /* VoucherView.swift in Sources */,
				02D9BAD42B62A2C1009FF2FC /* HomeViewModel.swift in Sources */,
				02D9BADA2B62A2D8009FF2FC /* MainView.swift in Sources */,
				02D9BAC22B62A266009FF2FC /* UIDevice+Extension.swift in Sources */,
				02D9BAD62B62A2C8009FF2FC /* HomeView.swift in Sources */,
				02D9BAAE2B62A1E8009FF2FC /* ContentView.swift in Sources */,
				02D9BAB72B62A22F009FF2FC /* HapticManager.swift in Sources */,
				02ECB46E2B6C1FC600F71974 /* DeviceRotationModifier.swift in Sources */,
				02D9BAC02B62A25C009FF2FC /* TrackableScrollView.swift in Sources */,
				02D9BAC42B62A26F009FF2FC /* BaseViewModel.swift in Sources */,
				02D9BB022B62B64E009FF2FC /* TabPage.swift in Sources */,
				02D9BAD22B62A2B7009FF2FC /* LoginViewModel.swift in Sources */,
				02D9BACC2B62A29D009FF2FC /* CoffeeAccessoriesList.swift in Sources */,
				02D9BAD02B62A2A9009FF2FC /* MenuItemPreview.swift in Sources */,
				020543612B6FBE3B00C3E0CA /* CreateUserProfileViewModel.swift in Sources */,
				02D9BAC62B62A27B009FF2FC /* OnboardingPageView.swift in Sources */,
				020543A12B741E0F00C3E0CA /* ViewDidLoadModifier.swift in Sources */,
				020543552B6DA91000C3E0CA /* SafeAreaView.swift in Sources */,
				02D9BACE2B62A2A4009FF2FC /* AddProductPlusButton.swift in Sources */,
				02D9BADC2B62A2E5009FF2FC /* SplashView.swift in Sources */,
				02E54F4A2B751B7600F49C5B /* PluralizedString.swift in Sources */,
				0205435E2B6FB36C00C3E0CA /* ChooseCafeViewModel.swift in Sources */,
				02ECB47C2B6D0D6C00F71974 /* UserDto.swift in Sources */,
				02D9BACA2B62A296009FF2FC /* MenuItemPreviewViewModel.swift in Sources */,
				020543952B73A82B00C3E0CA /* ButtonEnabledModifier.swift in Sources */,
				0205439B2B73CD6F00C3E0CA /* CafeService.swift in Sources */,
				02D9BABB2B62A244009FF2FC /* TagLayout.swift in Sources */,
				02E54F4D2B752B7F00F49C5B /* StampDto.swift in Sources */,
				02D9BAB82B62A235009FF2FC /* CoffeeAccessoryProtocol.swift in Sources */,
				02D9BAD92B62A2D5009FF2FC /* MainViewModel.swift in Sources */,
				02D9BADB2B62A2E0009FF2FC /* SplashViewModel.swift in Sources */,
				0205439E2B73CE2800C3E0CA /* Base.swift in Sources */,
				02D9BACB2B62A29A009FF2FC /* OrderCoffeeButton.swift in Sources */,
				02D9BAB92B62A239009FF2FC /* CoffeeAccessoryType.swift in Sources */,
				02D9BAC52B62A276009FF2FC /* OnboardingViewModel.swift in Sources */,
				02D9BAF72B62AD85009FF2FC /* Typealiases.swift in Sources */,
				02D9BAFB2B62AE20009FF2FC /* LoginWithEmailButton.swift in Sources */,
				02D9BAC72B62A27D009FF2FC /* OnboardingView.swift in Sources */,
				02D9BADD2B62A2F6009FF2FC /* Route.swift in Sources */,
				02D9BABC2B62A248009FF2FC /* QRCodeGenerator.swift in Sources */,
				02D9BAC92B62A28D009FF2FC /* MenuList.swift in Sources */,
				02D9BAC32B62A26B009FF2FC /* DateFormatter.swift in Sources */,
				02D9BADF2B62A300009FF2FC /* CoffeeAccessory.swift in Sources */,
				02ECB47F2B6D0E3700F71974 /* CafeDto.swift in Sources */,
				02D9BAD52B62A2C5009FF2FC /* VoucherCell.swift in Sources */,
				02D9BABF2B62A259009FF2FC /* QRCodeImageView.swift in Sources */,
				02D9BAD32B62A2BD009FF2FC /* QRCodeView.swift in Sources */,
				02D9BB062B62D156009FF2FC /* ApplicationUtility.swift in Sources */,
				0205435A2B6FB31600C3E0CA /* ChooseCafeView.swift in Sources */,
				02D9BAC82B62A28A009FF2FC /* CoffeeCell.swift in Sources */,
				02D9BAF32B62AD71009FF2FC /* LoginWithGoogleButton.swift in Sources */,
				02D9BAD82B62A2CF009FF2FC /* ProfileViewModel.swift in Sources */,
				02D9BABA2B62A23F009FF2FC /* PriceFormatter.swift in Sources */,
				02E54F5B2B7A278500F49C5B /* AuthProtocol.swift in Sources */,
				020543922B717A7100C3E0CA /* CafeDetailsView.swift in Sources */,
				02D9BAE02B62A302009FF2FC /* Menu.swift in Sources */,
				02D9BB0A2B62D17E009FF2FC /* CAError.swift in Sources */,
				02F095452B67DCF4002E5B6A /* AppStorageKeys.swift in Sources */,
				02D9BADE2B62A2FD009FF2FC /* CoffeeDto.swift in Sources */,
				02D9BABD2B62A24D009FF2FC /* CustomPagingIndicator.swift in Sources */,
				02E54F542B753EA800F49C5B /* StampleCell.swift in Sources */,
				02D9BAC12B62A260009FF2FC /* VisualEffectView.swift in Sources */,
				02E54F432B74DD6000F49C5B /* StampView.swift in Sources */,
				02F095412B67CDD2002E5B6A /* ChangeAppearanceButton.swift in Sources */,
				02D9BAAC2B62A1E8009FF2FC /* CoffeeAppAdminApp.swift in Sources */,
				02E54F472B751B5E00F49C5B /* StringManager.swift in Sources */,
				02D9BACF2B62A2A6009FF2FC /* SelectedCoffeeAccessoryButton.swift in Sources */,
				02E54F582B753F2D00F49C5B /* Constants.swift in Sources */,
			);
			runOnlyForDeploymentPostprocessing = 0;
		};
/* End PBXSourcesBuildPhase section */

/* Begin XCBuildConfiguration section */
		0231F2AB2B30C84B003BBF55 /* Debug */ = {
			isa = XCBuildConfiguration;
			buildSettings = {
				ALWAYS_SEARCH_USER_PATHS = NO;
				ASSETCATALOG_COMPILER_GENERATE_SWIFT_ASSET_SYMBOL_EXTENSIONS = YES;
				CLANG_ANALYZER_NONNULL = YES;
				CLANG_ANALYZER_NUMBER_OBJECT_CONVERSION = YES_AGGRESSIVE;
				CLANG_CXX_LANGUAGE_STANDARD = "gnu++20";
				CLANG_ENABLE_MODULES = YES;
				CLANG_ENABLE_OBJC_ARC = YES;
				CLANG_ENABLE_OBJC_WEAK = YES;
				CLANG_WARN_BLOCK_CAPTURE_AUTORELEASING = YES;
				CLANG_WARN_BOOL_CONVERSION = YES;
				CLANG_WARN_COMMA = YES;
				CLANG_WARN_CONSTANT_CONVERSION = YES;
				CLANG_WARN_DEPRECATED_OBJC_IMPLEMENTATIONS = YES;
				CLANG_WARN_DIRECT_OBJC_ISA_USAGE = YES_ERROR;
				CLANG_WARN_DOCUMENTATION_COMMENTS = YES;
				CLANG_WARN_EMPTY_BODY = YES;
				CLANG_WARN_ENUM_CONVERSION = YES;
				CLANG_WARN_INFINITE_RECURSION = YES;
				CLANG_WARN_INT_CONVERSION = YES;
				CLANG_WARN_NON_LITERAL_NULL_CONVERSION = YES;
				CLANG_WARN_OBJC_IMPLICIT_RETAIN_SELF = YES;
				CLANG_WARN_OBJC_LITERAL_CONVERSION = YES;
				CLANG_WARN_OBJC_ROOT_CLASS = YES_ERROR;
				CLANG_WARN_QUOTED_INCLUDE_IN_FRAMEWORK_HEADER = YES;
				CLANG_WARN_RANGE_LOOP_ANALYSIS = YES;
				CLANG_WARN_STRICT_PROTOTYPES = YES;
				CLANG_WARN_SUSPICIOUS_MOVE = YES;
				CLANG_WARN_UNGUARDED_AVAILABILITY = YES_AGGRESSIVE;
				CLANG_WARN_UNREACHABLE_CODE = YES;
				CLANG_WARN__DUPLICATE_METHOD_MATCH = YES;
				COPY_PHASE_STRIP = NO;
				DEBUG_INFORMATION_FORMAT = dwarf;
				ENABLE_STRICT_OBJC_MSGSEND = YES;
				ENABLE_TESTABILITY = YES;
				ENABLE_USER_SCRIPT_SANDBOXING = YES;
				GCC_C_LANGUAGE_STANDARD = gnu17;
				GCC_DYNAMIC_NO_PIC = NO;
				GCC_NO_COMMON_BLOCKS = YES;
				GCC_OPTIMIZATION_LEVEL = 0;
				GCC_PREPROCESSOR_DEFINITIONS = (
					"DEBUG=1",
					"$(inherited)",
				);
				GCC_WARN_64_TO_32_BIT_CONVERSION = YES;
				GCC_WARN_ABOUT_RETURN_TYPE = YES_ERROR;
				GCC_WARN_UNDECLARED_SELECTOR = YES;
				GCC_WARN_UNINITIALIZED_AUTOS = YES_AGGRESSIVE;
				GCC_WARN_UNUSED_FUNCTION = YES;
				GCC_WARN_UNUSED_VARIABLE = YES;
				IPHONEOS_DEPLOYMENT_TARGET = 17.0;
				LOCALIZATION_PREFERS_STRING_CATALOGS = YES;
				MTL_ENABLE_DEBUG_INFO = INCLUDE_SOURCE;
				MTL_FAST_MATH = YES;
				ONLY_ACTIVE_ARCH = YES;
				SDKROOT = iphoneos;
				SWIFT_ACTIVE_COMPILATION_CONDITIONS = "DEBUG $(inherited)";
				SWIFT_OPTIMIZATION_LEVEL = "-Onone";
			};
			name = Debug;
		};
		0231F2AC2B30C84B003BBF55 /* Release */ = {
			isa = XCBuildConfiguration;
			buildSettings = {
				ALWAYS_SEARCH_USER_PATHS = NO;
				ASSETCATALOG_COMPILER_GENERATE_SWIFT_ASSET_SYMBOL_EXTENSIONS = YES;
				CLANG_ANALYZER_NONNULL = YES;
				CLANG_ANALYZER_NUMBER_OBJECT_CONVERSION = YES_AGGRESSIVE;
				CLANG_CXX_LANGUAGE_STANDARD = "gnu++20";
				CLANG_ENABLE_MODULES = YES;
				CLANG_ENABLE_OBJC_ARC = YES;
				CLANG_ENABLE_OBJC_WEAK = YES;
				CLANG_WARN_BLOCK_CAPTURE_AUTORELEASING = YES;
				CLANG_WARN_BOOL_CONVERSION = YES;
				CLANG_WARN_COMMA = YES;
				CLANG_WARN_CONSTANT_CONVERSION = YES;
				CLANG_WARN_DEPRECATED_OBJC_IMPLEMENTATIONS = YES;
				CLANG_WARN_DIRECT_OBJC_ISA_USAGE = YES_ERROR;
				CLANG_WARN_DOCUMENTATION_COMMENTS = YES;
				CLANG_WARN_EMPTY_BODY = YES;
				CLANG_WARN_ENUM_CONVERSION = YES;
				CLANG_WARN_INFINITE_RECURSION = YES;
				CLANG_WARN_INT_CONVERSION = YES;
				CLANG_WARN_NON_LITERAL_NULL_CONVERSION = YES;
				CLANG_WARN_OBJC_IMPLICIT_RETAIN_SELF = YES;
				CLANG_WARN_OBJC_LITERAL_CONVERSION = YES;
				CLANG_WARN_OBJC_ROOT_CLASS = YES_ERROR;
				CLANG_WARN_QUOTED_INCLUDE_IN_FRAMEWORK_HEADER = YES;
				CLANG_WARN_RANGE_LOOP_ANALYSIS = YES;
				CLANG_WARN_STRICT_PROTOTYPES = YES;
				CLANG_WARN_SUSPICIOUS_MOVE = YES;
				CLANG_WARN_UNGUARDED_AVAILABILITY = YES_AGGRESSIVE;
				CLANG_WARN_UNREACHABLE_CODE = YES;
				CLANG_WARN__DUPLICATE_METHOD_MATCH = YES;
				COPY_PHASE_STRIP = NO;
				DEBUG_INFORMATION_FORMAT = "dwarf-with-dsym";
				ENABLE_NS_ASSERTIONS = NO;
				ENABLE_STRICT_OBJC_MSGSEND = YES;
				ENABLE_USER_SCRIPT_SANDBOXING = YES;
				GCC_C_LANGUAGE_STANDARD = gnu17;
				GCC_NO_COMMON_BLOCKS = YES;
				GCC_WARN_64_TO_32_BIT_CONVERSION = YES;
				GCC_WARN_ABOUT_RETURN_TYPE = YES_ERROR;
				GCC_WARN_UNDECLARED_SELECTOR = YES;
				GCC_WARN_UNINITIALIZED_AUTOS = YES_AGGRESSIVE;
				GCC_WARN_UNUSED_FUNCTION = YES;
				GCC_WARN_UNUSED_VARIABLE = YES;
				IPHONEOS_DEPLOYMENT_TARGET = 17.0;
				LOCALIZATION_PREFERS_STRING_CATALOGS = YES;
				MTL_ENABLE_DEBUG_INFO = NO;
				MTL_FAST_MATH = YES;
				SDKROOT = iphoneos;
				SWIFT_COMPILATION_MODE = wholemodule;
				VALIDATE_PRODUCT = YES;
			};
			name = Release;
		};
		0231F2AE2B30C84B003BBF55 /* Debug */ = {
			isa = XCBuildConfiguration;
			buildSettings = {
				ASSETCATALOG_COMPILER_APPICON_NAME = AppIcon;
				ASSETCATALOG_COMPILER_GLOBAL_ACCENT_COLOR_NAME = AccentColor;
				CODE_SIGN_STYLE = Automatic;
				CURRENT_PROJECT_VERSION = 1;
				DEVELOPMENT_ASSET_PATHS = "\"CoffeeApp/Preview Content\"";
				DEVELOPMENT_TEAM = 4G76GHV9RM;
				ENABLE_PREVIEWS = YES;
				GENERATE_INFOPLIST_FILE = YES;
				INFOPLIST_FILE = CoffeeApp/Info.plist;
				INFOPLIST_KEY_CFBundleDisplayName = CoffeeApp;
				INFOPLIST_KEY_LSApplicationCategoryType = "public.app-category.food-and-drink";
				INFOPLIST_KEY_UIApplicationSceneManifest_Generation = YES;
				INFOPLIST_KEY_UIApplicationSupportsIndirectInputEvents = YES;
				INFOPLIST_KEY_UILaunchScreen_Generation = YES;
				INFOPLIST_KEY_UISupportedInterfaceOrientations = UIInterfaceOrientationPortrait;
				INFOPLIST_KEY_UISupportedInterfaceOrientations_iPad = "UIInterfaceOrientationLandscapeLeft UIInterfaceOrientationLandscapeRight UIInterfaceOrientationPortrait";
				LD_RUNPATH_SEARCH_PATHS = (
					"$(inherited)",
					"@executable_path/Frameworks",
				);
				MARKETING_VERSION = 1.0;
				PRODUCT_BUNDLE_IDENTIFIER = com.leopoldromanowski.CoffeeApp;
				PRODUCT_NAME = "$(TARGET_NAME)";
				SUPPORTED_PLATFORMS = "iphoneos iphonesimulator";
				SUPPORTS_MACCATALYST = NO;
				SUPPORTS_MAC_DESIGNED_FOR_IPHONE_IPAD = NO;
				SWIFT_EMIT_LOC_STRINGS = YES;
				SWIFT_VERSION = 5.0;
				TARGETED_DEVICE_FAMILY = "1,2";
			};
			name = Debug;
		};
		0231F2AF2B30C84B003BBF55 /* Release */ = {
			isa = XCBuildConfiguration;
			buildSettings = {
				ASSETCATALOG_COMPILER_APPICON_NAME = AppIcon;
				ASSETCATALOG_COMPILER_GLOBAL_ACCENT_COLOR_NAME = AccentColor;
				CODE_SIGN_STYLE = Automatic;
				CURRENT_PROJECT_VERSION = 1;
				DEVELOPMENT_ASSET_PATHS = "\"CoffeeApp/Preview Content\"";
				DEVELOPMENT_TEAM = 4G76GHV9RM;
				ENABLE_PREVIEWS = YES;
				GENERATE_INFOPLIST_FILE = YES;
				INFOPLIST_FILE = CoffeeApp/Info.plist;
				INFOPLIST_KEY_CFBundleDisplayName = CoffeeApp;
				INFOPLIST_KEY_LSApplicationCategoryType = "public.app-category.food-and-drink";
				INFOPLIST_KEY_UIApplicationSceneManifest_Generation = YES;
				INFOPLIST_KEY_UIApplicationSupportsIndirectInputEvents = YES;
				INFOPLIST_KEY_UILaunchScreen_Generation = YES;
				INFOPLIST_KEY_UISupportedInterfaceOrientations = UIInterfaceOrientationPortrait;
				INFOPLIST_KEY_UISupportedInterfaceOrientations_iPad = "UIInterfaceOrientationLandscapeLeft UIInterfaceOrientationLandscapeRight UIInterfaceOrientationPortrait";
				LD_RUNPATH_SEARCH_PATHS = (
					"$(inherited)",
					"@executable_path/Frameworks",
				);
				MARKETING_VERSION = 1.0;
				PRODUCT_BUNDLE_IDENTIFIER = com.leopoldromanowski.CoffeeApp;
				PRODUCT_NAME = "$(TARGET_NAME)";
				SUPPORTED_PLATFORMS = "iphoneos iphonesimulator";
				SUPPORTS_MACCATALYST = NO;
				SUPPORTS_MAC_DESIGNED_FOR_IPHONE_IPAD = NO;
				SWIFT_EMIT_LOC_STRINGS = YES;
				SWIFT_VERSION = 5.0;
				TARGETED_DEVICE_FAMILY = "1,2";
			};
			name = Release;
		};
		02D9BAB52B62A1E9009FF2FC /* Debug */ = {
			isa = XCBuildConfiguration;
			buildSettings = {
				ASSETCATALOG_COMPILER_APPICON_NAME = AppIcon;
				ASSETCATALOG_COMPILER_GLOBAL_ACCENT_COLOR_NAME = AccentColor;
				CODE_SIGN_STYLE = Automatic;
				CURRENT_PROJECT_VERSION = 1;
				DEVELOPMENT_ASSET_PATHS = "\"CoffeeAppAdmin/Preview Content\"";
				DEVELOPMENT_TEAM = 4G76GHV9RM;
				ENABLE_PREVIEWS = YES;
				GENERATE_INFOPLIST_FILE = YES;
				INFOPLIST_KEY_UIApplicationSceneManifest_Generation = YES;
				INFOPLIST_KEY_UIApplicationSupportsIndirectInputEvents = YES;
				INFOPLIST_KEY_UILaunchScreen_Generation = YES;
				INFOPLIST_KEY_UISupportedInterfaceOrientations = UIInterfaceOrientationPortrait;
				INFOPLIST_KEY_UISupportedInterfaceOrientations_iPad = "UIInterfaceOrientationLandscapeLeft UIInterfaceOrientationLandscapeRight UIInterfaceOrientationPortrait";
				LD_RUNPATH_SEARCH_PATHS = (
					"$(inherited)",
					"@executable_path/Frameworks",
				);
				MARKETING_VERSION = 1.0;
				PRODUCT_BUNDLE_IDENTIFIER = com.leopoldromanowski.CoffeeApp;
				PRODUCT_NAME = "$(TARGET_NAME)";
				SWIFT_EMIT_LOC_STRINGS = YES;
				SWIFT_VERSION = 5.0;
				TARGETED_DEVICE_FAMILY = "1,2";
			};
			name = Debug;
		};
		02D9BAB62B62A1E9009FF2FC /* Release */ = {
			isa = XCBuildConfiguration;
			buildSettings = {
				ASSETCATALOG_COMPILER_APPICON_NAME = AppIcon;
				ASSETCATALOG_COMPILER_GLOBAL_ACCENT_COLOR_NAME = AccentColor;
				CODE_SIGN_STYLE = Automatic;
				CURRENT_PROJECT_VERSION = 1;
				DEVELOPMENT_ASSET_PATHS = "\"CoffeeAppAdmin/Preview Content\"";
				DEVELOPMENT_TEAM = 4G76GHV9RM;
				ENABLE_PREVIEWS = YES;
				GENERATE_INFOPLIST_FILE = YES;
				INFOPLIST_KEY_UIApplicationSceneManifest_Generation = YES;
				INFOPLIST_KEY_UIApplicationSupportsIndirectInputEvents = YES;
				INFOPLIST_KEY_UILaunchScreen_Generation = YES;
				INFOPLIST_KEY_UISupportedInterfaceOrientations = UIInterfaceOrientationPortrait;
				INFOPLIST_KEY_UISupportedInterfaceOrientations_iPad = "UIInterfaceOrientationLandscapeLeft UIInterfaceOrientationLandscapeRight UIInterfaceOrientationPortrait";
				LD_RUNPATH_SEARCH_PATHS = (
					"$(inherited)",
					"@executable_path/Frameworks",
				);
				MARKETING_VERSION = 1.0;
				PRODUCT_BUNDLE_IDENTIFIER = com.leopoldromanowski.CoffeeApp;
				PRODUCT_NAME = "$(TARGET_NAME)";
				SWIFT_EMIT_LOC_STRINGS = YES;
				SWIFT_VERSION = 5.0;
				TARGETED_DEVICE_FAMILY = "1,2";
			};
			name = Release;
		};
/* End XCBuildConfiguration section */

/* Begin XCConfigurationList section */
		0231F29A2B30C849003BBF55 /* Build configuration list for PBXProject "CoffeeApp" */ = {
			isa = XCConfigurationList;
			buildConfigurations = (
				0231F2AB2B30C84B003BBF55 /* Debug */,
				0231F2AC2B30C84B003BBF55 /* Release */,
			);
			defaultConfigurationIsVisible = 0;
			defaultConfigurationName = Release;
		};
		0231F2AD2B30C84B003BBF55 /* Build configuration list for PBXNativeTarget "CoffeeApp" */ = {
			isa = XCConfigurationList;
			buildConfigurations = (
				0231F2AE2B30C84B003BBF55 /* Debug */,
				0231F2AF2B30C84B003BBF55 /* Release */,
			);
			defaultConfigurationIsVisible = 0;
			defaultConfigurationName = Release;
		};
		02D9BAB42B62A1E9009FF2FC /* Build configuration list for PBXNativeTarget "CoffeeAppAdmin" */ = {
			isa = XCConfigurationList;
			buildConfigurations = (
				02D9BAB52B62A1E9009FF2FC /* Debug */,
				02D9BAB62B62A1E9009FF2FC /* Release */,
			);
			defaultConfigurationIsVisible = 0;
			defaultConfigurationName = Release;
		};
/* End XCConfigurationList section */

/* Begin XCRemoteSwiftPackageReference section */
		02D9BAE52B62A8D2009FF2FC /* XCRemoteSwiftPackageReference "firebase-ios-sdk" */ = {
			isa = XCRemoteSwiftPackageReference;
			repositoryURL = "https://github.com/firebase/firebase-ios-sdk.git";
			requirement = {
				kind = upToNextMajorVersion;
				minimumVersion = 10.20.0;
			};
		};
		02D9BB152B62D302009FF2FC /* XCRemoteSwiftPackageReference "GoogleSignIn-iOS" */ = {
			isa = XCRemoteSwiftPackageReference;
			repositoryURL = "https://github.com/google/GoogleSignIn-iOS";
			requirement = {
				kind = upToNextMajorVersion;
				minimumVersion = 7.0.0;
			};
		};
/* End XCRemoteSwiftPackageReference section */

/* Begin XCSwiftPackageProductDependency section */
		02D9BAE62B62A8D2009FF2FC /* FirebaseAnalytics */ = {
			isa = XCSwiftPackageProductDependency;
			package = 02D9BAE52B62A8D2009FF2FC /* XCRemoteSwiftPackageReference "firebase-ios-sdk" */;
			productName = FirebaseAnalytics;
		};
		02D9BAE82B62A8D2009FF2FC /* FirebaseAnalyticsOnDeviceConversion */ = {
			isa = XCSwiftPackageProductDependency;
			package = 02D9BAE52B62A8D2009FF2FC /* XCRemoteSwiftPackageReference "firebase-ios-sdk" */;
			productName = FirebaseAnalyticsOnDeviceConversion;
		};
		02D9BAEA2B62A8D2009FF2FC /* FirebaseAnalyticsSwift */ = {
			isa = XCSwiftPackageProductDependency;
			package = 02D9BAE52B62A8D2009FF2FC /* XCRemoteSwiftPackageReference "firebase-ios-sdk" */;
			productName = FirebaseAnalyticsSwift;
		};
		02D9BAEC2B62A8D2009FF2FC /* FirebaseAnalyticsWithoutAdIdSupport */ = {
			isa = XCSwiftPackageProductDependency;
			package = 02D9BAE52B62A8D2009FF2FC /* XCRemoteSwiftPackageReference "firebase-ios-sdk" */;
			productName = FirebaseAnalyticsWithoutAdIdSupport;
		};
		02D9BAEE2B62A8D2009FF2FC /* FirebaseAppCheck */ = {
			isa = XCSwiftPackageProductDependency;
			package = 02D9BAE52B62A8D2009FF2FC /* XCRemoteSwiftPackageReference "firebase-ios-sdk" */;
			productName = FirebaseAppCheck;
		};
		02D9BB162B62D302009FF2FC /* GoogleSignIn */ = {
			isa = XCSwiftPackageProductDependency;
			package = 02D9BB152B62D302009FF2FC /* XCRemoteSwiftPackageReference "GoogleSignIn-iOS" */;
			productName = GoogleSignIn;
		};
		02D9BB182B62D302009FF2FC /* GoogleSignInSwift */ = {
			isa = XCSwiftPackageProductDependency;
			package = 02D9BB152B62D302009FF2FC /* XCRemoteSwiftPackageReference "GoogleSignIn-iOS" */;
			productName = GoogleSignInSwift;
		};
		02D9BB1A2B62D49A009FF2FC /* FirebaseAuth */ = {
			isa = XCSwiftPackageProductDependency;
			productName = FirebaseAuth;
		};
		02D9BB1C2B62D49A009FF2FC /* FirebaseFirestoreSwift */ = {
			isa = XCSwiftPackageProductDependency;
			productName = FirebaseFirestoreSwift;
		};
		02D9BB1E2B62D49A009FF2FC /* FirebaseStorage */ = {
			isa = XCSwiftPackageProductDependency;
			productName = FirebaseStorage;
		};
/* End XCSwiftPackageProductDependency section */
	};
	rootObject = 0231F2972B30C849003BBF55 /* Project object */;
}
